<?xml version="1.0" encoding="utf-8"?>
<Project ToolsVersion="15.0" xmlns="http://schemas.microsoft.com/developer/msbuild/2003">
  <ItemGroup>
    <ClCompile Include="C:\work\BookInven\lib\opencv_contrib\modules\hfs\src\hfs.cpp">
      <Filter>Src</Filter>
    </ClCompile>
    <ClCompile Include="C:\work\BookInven\lib\opencv_contrib\modules\hfs\src\hfs_core.cpp">
      <Filter>Src</Filter>
    </ClCompile>
    <ClCompile Include="C:\work\BookInven\lib\opencv_contrib\modules\hfs\src\magnitude\magnitude.cpp">
      <Filter>Src\magnitude</Filter>
    </ClCompile>
    <ClCompile Include="C:\work\BookInven\lib\opencv_contrib\modules\hfs\src\merge\merge.cpp">
      <Filter>Src\merge</Filter>
    </ClCompile>
    <ClCompile Include="C:\work\BookInven\lib\opencv_contrib\modules\hfs\src\slic\gslic_engine.cpp">
      <Filter>Src\slic</Filter>
    </ClCompile>
    <ClCompile Include="C:\work\BookInven\lib\opencv_contrib\modules\hfs\src\slic\slic.cpp">
      <Filter>Src\slic</Filter>
    </ClCompile>
    <ClCompile Include="C:\work\BookInven\lib\opencv_mybuild\modules\hfs\opencv_hfs_pch.cpp">
      <Filter>Src</Filter>
    </ClCompile>
  </ItemGroup>
  <ItemGroup>
    <ClInclude Include="C:\work\BookInven\lib\opencv_contrib\modules\hfs\include\opencv2\hfs.hpp">
      <Filter>Include\opencv2</Filter>
    </ClInclude>
    <ClInclude Include="C:\work\BookInven\lib\opencv_contrib\modules\hfs\src\hfs_core.hpp">
      <Filter>Src</Filter>
    </ClInclude>
    <ClInclude Include="C:\work\BookInven\lib\opencv_contrib\modules\hfs\src\magnitude\magnitude.hpp">
      <Filter>Src\magnitude</Filter>
    </ClInclude>
    <ClInclude Include="C:\work\BookInven\lib\opencv_contrib\modules\hfs\src\merge\merge.hpp">
      <Filter>Src\merge</Filter>
    </ClInclude>
    <ClInclude Include="C:\work\BookInven\lib\opencv_contrib\modules\hfs\src\or_utils\or_image.hpp">
      <Filter>Src\or_utils</Filter>
    </ClInclude>
    <ClInclude Include="C:\work\BookInven\lib\opencv_contrib\modules\hfs\src\or_utils\or_memory_block.hpp">
      <Filter>Src\or_utils</Filter>
    </ClInclude>
    <ClInclude Include="C:\work\BookInven\lib\opencv_contrib\modules\hfs\src\or_utils\or_types.hpp">
      <Filter>Src\or_utils</Filter>
    </ClInclude>
    <ClInclude Include="C:\work\BookInven\lib\opencv_contrib\modules\hfs\src\or_utils\or_vector.hpp">
      <Filter>Src\or_utils</Filter>
    </ClInclude>
    <ClInclude Include="C:\work\BookInven\lib\opencv_contrib\modules\hfs\src\precomp.hpp">
      <Filter>Src</Filter>
    </ClInclude>
    <ClInclude Include="C:\work\BookInven\lib\opencv_contrib\modules\hfs\src\slic\slic.hpp">
      <Filter>Src\slic</Filter>
    </ClInclude>
    <ClInclude Include="C:\work\BookInven\lib\opencv_mybuild\cvconfig.h">
      <Filter>Include</Filter>
    </ClInclude>
    <ClInclude Include="C:\work\BookInven\lib\opencv_mybuild\opencv2\opencv_modules.hpp">
      <Filter>Include</Filter>
    </ClInclude>
  </ItemGroup>
  <ItemGroup>
    <CustomBuild Include="C:\work\BookInven\lib\opencv_contrib\modules\hfs\CMakeLists.txt" />
  </ItemGroup>
  <ItemGroup>
    <Filter Include="Include">
      <UniqueIdentifier>{854D7D7F-04C7-3C19-8B92-39EC03CF29DD}</UniqueIdentifier>
    </Filter>
    <Filter Include="Include\opencv2">
      <UniqueIdentifier>{D169A01F-1A0E-380B-813B-864C91F6B259}</UniqueIdentifier>
    </Filter>
    <Filter Include="Src">
      <UniqueIdentifier>{3E81CF47-BFC6-3B85-BDCB-2F92B0B97BC6}</UniqueIdentifier>
    </Filter>
    <Filter Include="Src\magnitude">
      <UniqueIdentifier>{625E3AC6-B2DD-3DC1-A429-A630F1A00776}</UniqueIdentifier>
    </Filter>
    <Filter Include="Src\merge">
      <UniqueIdentifier>{A4A3C1E6-0F54-3772-A4A8-6D6AA2225763}</UniqueIdentifier>
    </Filter>
    <Filter Include="Src\or_utils">
      <UniqueIdentifier>{04F0910F-366B-3E1D-BAFA-DB5BE5101323}</UniqueIdentifier>
    </Filter>
    <Filter Include="Src\slic">
      <UniqueIdentifier>{0E770D8D-48B4-33C3-9FC0-22863DF74527}</UniqueIdentifier>
    </Filter>
  </ItemGroup>
</Project>
