<?xml version="1.0" encoding="utf-8"?>
<Project ToolsVersion="15.0" xmlns="http://schemas.microsoft.com/developer/msbuild/2003">
  <ItemGroup>
    <ClCompile Include="C:\work\BookInven\lib\opencv_contrib\modules\ximgproc\src\adaptive_manifold_filter_n.cpp">
      <Filter>Src</Filter>
    </ClCompile>
    <ClCompile Include="C:\work\BookInven\lib\opencv_contrib\modules\ximgproc\src\anisodiff.cpp">
      <Filter>Src</Filter>
    </ClCompile>
    <ClCompile Include="C:\work\BookInven\lib\opencv_contrib\modules\ximgproc\src\bilateral_texture_filter.cpp">
      <Filter>Src</Filter>
    </ClCompile>
    <ClCompile Include="C:\work\BookInven\lib\opencv_contrib\modules\ximgproc\src\brightedges.cpp">
      <Filter>Src</Filter>
    </ClCompile>
    <ClCompile Include="C:\work\BookInven\lib\opencv_contrib\modules\ximgproc\src\deriche_filter.cpp">
      <Filter>Src</Filter>
    </ClCompile>
    <ClCompile Include="C:\work\BookInven\lib\opencv_contrib\modules\ximgproc\src\disparity_filters.cpp">
      <Filter>Src</Filter>
    </ClCompile>
    <ClCompile Include="C:\work\BookInven\lib\opencv_contrib\modules\ximgproc\src\domain_transform.cpp">
      <Filter>Src</Filter>
    </ClCompile>
    <ClCompile Include="C:\work\BookInven\lib\opencv_contrib\modules\ximgproc\src\dtfilter_cpu.cpp">
      <Filter>Src</Filter>
    </ClCompile>
    <ClCompile Include="C:\work\BookInven\lib\opencv_contrib\modules\ximgproc\src\edgeaware_filters_common.cpp">
      <Filter>Src</Filter>
    </ClCompile>
    <ClCompile Include="C:\work\BookInven\lib\opencv_contrib\modules\ximgproc\src\edgeboxes.cpp">
      <Filter>Src</Filter>
    </ClCompile>
    <ClCompile Include="C:\work\BookInven\lib\opencv_contrib\modules\ximgproc\src\edgepreserving_filter.cpp">
      <Filter>Src</Filter>
    </ClCompile>
    <ClCompile Include="C:\work\BookInven\lib\opencv_contrib\modules\ximgproc\src\estimated_covariance.cpp">
      <Filter>Src</Filter>
    </ClCompile>
    <ClCompile Include="C:\work\BookInven\lib\opencv_contrib\modules\ximgproc\src\fast_hough_transform.cpp">
      <Filter>Src</Filter>
    </ClCompile>
    <ClCompile Include="C:\work\BookInven\lib\opencv_contrib\modules\ximgproc\src\fast_line_detector.cpp">
      <Filter>Src</Filter>
    </ClCompile>
    <ClCompile Include="C:\work\BookInven\lib\opencv_contrib\modules\ximgproc\src\fbs_filter.cpp">
      <Filter>Src</Filter>
    </ClCompile>
    <ClCompile Include="C:\work\BookInven\lib\opencv_contrib\modules\ximgproc\src\fgs_filter.cpp">
      <Filter>Src</Filter>
    </ClCompile>
    <ClCompile Include="C:\work\BookInven\lib\opencv_contrib\modules\ximgproc\src\fourier_descriptors.cpp">
      <Filter>Src</Filter>
    </ClCompile>
    <ClCompile Include="C:\work\BookInven\lib\opencv_contrib\modules\ximgproc\src\graphsegmentation.cpp">
      <Filter>Src</Filter>
    </ClCompile>
    <ClCompile Include="C:\work\BookInven\lib\opencv_contrib\modules\ximgproc\src\guided_filter.cpp">
      <Filter>Src</Filter>
    </ClCompile>
    <ClCompile Include="C:\work\BookInven\lib\opencv_contrib\modules\ximgproc\src\joint_bilateral_filter.cpp">
      <Filter>Src</Filter>
    </ClCompile>
    <ClCompile Include="C:\work\BookInven\lib\opencv_contrib\modules\ximgproc\src\l0_smooth.cpp">
      <Filter>Src</Filter>
    </ClCompile>
    <ClCompile Include="C:\work\BookInven\lib\opencv_contrib\modules\ximgproc\src\lsc.cpp">
      <Filter>Src</Filter>
    </ClCompile>
    <ClCompile Include="C:\work\BookInven\lib\opencv_contrib\modules\ximgproc\src\niblack_thresholding.cpp">
      <Filter>Src</Filter>
    </ClCompile>
    <ClCompile Include="C:\work\BookInven\lib\opencv_contrib\modules\ximgproc\src\paillou_filter.cpp">
      <Filter>Src</Filter>
    </ClCompile>
    <ClCompile Include="C:\work\BookInven\lib\opencv_contrib\modules\ximgproc\src\peilin.cpp">
      <Filter>Src</Filter>
    </ClCompile>
    <ClCompile Include="C:\work\BookInven\lib\opencv_contrib\modules\ximgproc\src\quaternion.cpp">
      <Filter>Src</Filter>
    </ClCompile>
    <ClCompile Include="C:\work\BookInven\lib\opencv_contrib\modules\ximgproc\src\ridgedetectionfilter.cpp">
      <Filter>Src</Filter>
    </ClCompile>
    <ClCompile Include="C:\work\BookInven\lib\opencv_contrib\modules\ximgproc\src\rolling_guidance_filter.cpp">
      <Filter>Src</Filter>
    </ClCompile>
    <ClCompile Include="C:\work\BookInven\lib\opencv_contrib\modules\ximgproc\src\run_length_morphology.cpp">
      <Filter>Src</Filter>
    </ClCompile>
    <ClCompile Include="C:\work\BookInven\lib\opencv_contrib\modules\ximgproc\src\seeds.cpp">
      <Filter>Src</Filter>
    </ClCompile>
    <ClCompile Include="C:\work\BookInven\lib\opencv_contrib\modules\ximgproc\src\selectivesearchsegmentation.cpp">
      <Filter>Src</Filter>
    </ClCompile>
    <ClCompile Include="C:\work\BookInven\lib\opencv_contrib\modules\ximgproc\src\slic.cpp">
      <Filter>Src</Filter>
    </ClCompile>
    <ClCompile Include="C:\work\BookInven\lib\opencv_contrib\modules\ximgproc\src\sparse_match_interpolators.cpp">
      <Filter>Src</Filter>
    </ClCompile>
    <ClCompile Include="C:\work\BookInven\lib\opencv_contrib\modules\ximgproc\src\structured_edge_detection.cpp">
      <Filter>Src</Filter>
    </ClCompile>
    <ClCompile Include="C:\work\BookInven\lib\opencv_contrib\modules\ximgproc\src\thinning.cpp">
      <Filter>Src</Filter>
    </ClCompile>
    <ClCompile Include="C:\work\BookInven\lib\opencv_contrib\modules\ximgproc\src\weighted_median_filter.cpp">
      <Filter>Src</Filter>
    </ClCompile>
    <ClCompile Include="C:\work\BookInven\lib\opencv_mybuild\modules\ximgproc\opencl_kernels_ximgproc.cpp">
      <Filter>Src\opencl\kernels\autogenerated</Filter>
    </ClCompile>
    <ClCompile Include="C:\work\BookInven\lib\opencv_mybuild\modules\ximgproc\opencv_ximgproc_pch.cpp">
      <Filter>Src</Filter>
    </ClCompile>
  </ItemGroup>
  <ItemGroup>
    <ClInclude Include="C:\work\BookInven\lib\opencv_contrib\modules\ximgproc\include\opencv2\ximgproc.hpp">
      <Filter>Include\opencv2</Filter>
    </ClInclude>
    <ClInclude Include="C:\work\BookInven\lib\opencv_contrib\modules\ximgproc\include\opencv2\ximgproc\brightedges.hpp">
      <Filter>Include\opencv2\ximgproc</Filter>
    </ClInclude>
    <ClInclude Include="C:\work\BookInven\lib\opencv_contrib\modules\ximgproc\include\opencv2\ximgproc\color_match.hpp">
      <Filter>Include\opencv2\ximgproc</Filter>
    </ClInclude>
    <ClInclude Include="C:\work\BookInven\lib\opencv_contrib\modules\ximgproc\include\opencv2\ximgproc\deriche_filter.hpp">
      <Filter>Include\opencv2\ximgproc</Filter>
    </ClInclude>
    <ClInclude Include="C:\work\BookInven\lib\opencv_contrib\modules\ximgproc\include\opencv2\ximgproc\disparity_filter.hpp">
      <Filter>Include\opencv2\ximgproc</Filter>
    </ClInclude>
    <ClInclude Include="C:\work\BookInven\lib\opencv_contrib\modules\ximgproc\include\opencv2\ximgproc\edge_filter.hpp">
      <Filter>Include\opencv2\ximgproc</Filter>
    </ClInclude>
    <ClInclude Include="C:\work\BookInven\lib\opencv_contrib\modules\ximgproc\include\opencv2\ximgproc\edgeboxes.hpp">
      <Filter>Include\opencv2\ximgproc</Filter>
    </ClInclude>
    <ClInclude Include="C:\work\BookInven\lib\opencv_contrib\modules\ximgproc\include\opencv2\ximgproc\edgepreserving_filter.hpp">
      <Filter>Include\opencv2\ximgproc</Filter>
    </ClInclude>
    <ClInclude Include="C:\work\BookInven\lib\opencv_contrib\modules\ximgproc\include\opencv2\ximgproc\estimated_covariance.hpp">
      <Filter>Include\opencv2\ximgproc</Filter>
    </ClInclude>
    <ClInclude Include="C:\work\BookInven\lib\opencv_contrib\modules\ximgproc\include\opencv2\ximgproc\fast_hough_transform.hpp">
      <Filter>Include\opencv2\ximgproc</Filter>
    </ClInclude>
    <ClInclude Include="C:\work\BookInven\lib\opencv_contrib\modules\ximgproc\include\opencv2\ximgproc\fast_line_detector.hpp">
      <Filter>Include\opencv2\ximgproc</Filter>
    </ClInclude>
    <ClInclude Include="C:\work\BookInven\lib\opencv_contrib\modules\ximgproc\include\opencv2\ximgproc\fourier_descriptors.hpp">
      <Filter>Include\opencv2\ximgproc</Filter>
    </ClInclude>
    <ClInclude Include="C:\work\BookInven\lib\opencv_contrib\modules\ximgproc\include\opencv2\ximgproc\lsc.hpp">
      <Filter>Include\opencv2\ximgproc</Filter>
    </ClInclude>
    <ClInclude Include="C:\work\BookInven\lib\opencv_contrib\modules\ximgproc\include\opencv2\ximgproc\paillou_filter.hpp">
      <Filter>Include\opencv2\ximgproc</Filter>
    </ClInclude>
    <ClInclude Include="C:\work\BookInven\lib\opencv_contrib\modules\ximgproc\include\opencv2\ximgproc\peilin.hpp">
      <Filter>Include\opencv2\ximgproc</Filter>
    </ClInclude>
    <ClInclude Include="C:\work\BookInven\lib\opencv_contrib\modules\ximgproc\include\opencv2\ximgproc\ridgefilter.hpp">
      <Filter>Include\opencv2\ximgproc</Filter>
    </ClInclude>
    <ClInclude Include="C:\work\BookInven\lib\opencv_contrib\modules\ximgproc\include\opencv2\ximgproc\run_length_morphology.hpp">
      <Filter>Include\opencv2\ximgproc</Filter>
    </ClInclude>
    <ClInclude Include="C:\work\BookInven\lib\opencv_contrib\modules\ximgproc\include\opencv2\ximgproc\seeds.hpp">
      <Filter>Include\opencv2\ximgproc</Filter>
    </ClInclude>
    <ClInclude Include="C:\work\BookInven\lib\opencv_contrib\modules\ximgproc\include\opencv2\ximgproc\segmentation.hpp">
      <Filter>Include\opencv2\ximgproc</Filter>
    </ClInclude>
    <ClInclude Include="C:\work\BookInven\lib\opencv_contrib\modules\ximgproc\include\opencv2\ximgproc\slic.hpp">
      <Filter>Include\opencv2\ximgproc</Filter>
    </ClInclude>
    <ClInclude Include="C:\work\BookInven\lib\opencv_contrib\modules\ximgproc\include\opencv2\ximgproc\sparse_match_interpolator.hpp">
      <Filter>Include\opencv2\ximgproc</Filter>
    </ClInclude>
    <ClInclude Include="C:\work\BookInven\lib\opencv_contrib\modules\ximgproc\include\opencv2\ximgproc\structured_edge_detection.hpp">
      <Filter>Include\opencv2\ximgproc</Filter>
    </ClInclude>
    <ClInclude Include="C:\work\BookInven\lib\opencv_contrib\modules\ximgproc\include\opencv2\ximgproc\weighted_median_filter.hpp">
      <Filter>Include\opencv2\ximgproc</Filter>
    </ClInclude>
    <ClInclude Include="C:\work\BookInven\lib\opencv_mybuild\modules\ximgproc\opencl_kernels_ximgproc.hpp">
      <Filter>Src\opencl\kernels\autogenerated</Filter>
    </ClInclude>
    <ClInclude Include="C:\work\BookInven\lib\opencv_contrib\modules\ximgproc\src\advanced_types.hpp">
      <Filter>Src</Filter>
    </ClInclude>
    <ClInclude Include="C:\work\BookInven\lib\opencv_contrib\modules\ximgproc\src\dtfilter_cpu.hpp">
      <Filter>Src</Filter>
    </ClInclude>
    <ClInclude Include="C:\work\BookInven\lib\opencv_contrib\modules\ximgproc\src\dtfilter_cpu.inl.hpp">
      <Filter>Src</Filter>
    </ClInclude>
    <ClInclude Include="C:\work\BookInven\lib\opencv_contrib\modules\ximgproc\src\edgeaware_filters_common.hpp">
      <Filter>Src</Filter>
    </ClInclude>
    <ClInclude Include="C:\work\BookInven\lib\opencv_contrib\modules\ximgproc\src\precomp.hpp">
      <Filter>Src</Filter>
    </ClInclude>
    <ClInclude Include="C:\work\BookInven\lib\opencv_mybuild\cvconfig.h">
      <Filter>Include</Filter>
    </ClInclude>
    <ClInclude Include="C:\work\BookInven\lib\opencv_mybuild\opencv2\opencv_modules.hpp">
      <Filter>Include</Filter>
    </ClInclude>
  </ItemGroup>
  <ItemGroup>
    <CustomBuild Include="C:\work\BookInven\lib\opencv_mybuild\CMakeFiles\19c5713424d5637d6da8cf930311c68d\opencl_kernels_ximgproc.cpp.rule">
      <Filter>CMake Rules</Filter>
    </CustomBuild>
    <CustomBuild Include="C:\work\BookInven\lib\opencv_contrib\modules\ximgproc\CMakeLists.txt" />
  </ItemGroup>
  <ItemGroup>
    <None Include="C:\work\BookInven\lib\opencv_contrib\modules\ximgproc\src\opencl\anisodiff.cl">
      <Filter>Src\opencl\kernels</Filter>
    </None>
  </ItemGroup>
  <ItemGroup>
    <Filter Include="CMake Rules">
      <UniqueIdentifier>{D0AC041A-396E-315E-9EAF-6DBEF40FA22F}</UniqueIdentifier>
    </Filter>
    <Filter Include="Include">
      <UniqueIdentifier>{854D7D7F-04C7-3C19-8B92-39EC03CF29DD}</UniqueIdentifier>
    </Filter>
    <Filter Include="Include\opencv2">
      <UniqueIdentifier>{D169A01F-1A0E-380B-813B-864C91F6B259}</UniqueIdentifier>
    </Filter>
    <Filter Include="Include\opencv2\ximgproc">
      <UniqueIdentifier>{FF4EB2F9-6EDB-3F2F-8D81-B5162E38F32F}</UniqueIdentifier>
    </Filter>
    <Filter Include="Src">
      <UniqueIdentifier>{3E81CF47-BFC6-3B85-BDCB-2F92B0B97BC6}</UniqueIdentifier>
    </Filter>
    <Filter Include="Src\opencl">
      <UniqueIdentifier>{1A0BB520-2577-3981-9277-632C0C1B2620}</UniqueIdentifier>
    </Filter>
    <Filter Include="Src\opencl\kernels">
      <UniqueIdentifier>{871D8551-4DC3-3EC5-8F77-3958E0B73FFD}</UniqueIdentifier>
    </Filter>
    <Filter Include="Src\opencl\kernels\autogenerated">
      <UniqueIdentifier>{1DABC61F-6552-375B-A6F3-62773539BE70}</UniqueIdentifier>
    </Filter>
  </ItemGroup>
</Project>
