<?xml version="1.0" encoding="utf-8"?>
<Project ToolsVersion="15.0" xmlns="http://schemas.microsoft.com/developer/msbuild/2003">
  <ItemGroup>
    <CustomBuild Include="C:\Users\박주홍\Desktop\BookInven\lib\curl_mybuild\CMakeFiles\42c84e59e86e64fc3eac13a36d4feb5b\INSTALL_force.rule">
      <Filter>CMake Rules</Filter>
    </CustomBuild>
  </ItemGroup>
  <ItemGroup>
    <Filter Include="CMake Rules">
      <UniqueIdentifier>{38B7C126-5BB9-388B-AB09-A68AF63E3087}</UniqueIdentifier>
    </Filter>
  </ItemGroup>
</Project>
