<?xml version="1.0" encoding="utf-8"?>
<Project ToolsVersion="15.0" xmlns="http://schemas.microsoft.com/developer/msbuild/2003">
  <ItemGroup>
    <ClCompile Include="C:\work\BookInven\lib\opencv_contrib\modules\img_hash\src\average_hash.cpp">
      <Filter>Src</Filter>
    </ClCompile>
    <ClCompile Include="C:\work\BookInven\lib\opencv_contrib\modules\img_hash\src\block_mean_hash.cpp">
      <Filter>Src</Filter>
    </ClCompile>
    <ClCompile Include="C:\work\BookInven\lib\opencv_contrib\modules\img_hash\src\color_moment_hash.cpp">
      <Filter>Src</Filter>
    </ClCompile>
    <ClCompile Include="C:\work\BookInven\lib\opencv_contrib\modules\img_hash\src\img_hash_base.cpp">
      <Filter>Src</Filter>
    </ClCompile>
    <ClCompile Include="C:\work\BookInven\lib\opencv_contrib\modules\img_hash\src\marr_hildreth_hash.cpp">
      <Filter>Src</Filter>
    </ClCompile>
    <ClCompile Include="C:\work\BookInven\lib\opencv_contrib\modules\img_hash\src\phash.cpp">
      <Filter>Src</Filter>
    </ClCompile>
    <ClCompile Include="C:\work\BookInven\lib\opencv_contrib\modules\img_hash\src\radial_variance_hash.cpp">
      <Filter>Src</Filter>
    </ClCompile>
    <ClCompile Include="C:\work\BookInven\lib\opencv_mybuild\modules\img_hash\opencv_img_hash_pch.cpp">
      <Filter>Src</Filter>
    </ClCompile>
  </ItemGroup>
  <ItemGroup>
    <ClInclude Include="C:\work\BookInven\lib\opencv_contrib\modules\img_hash\include\opencv2\img_hash.hpp">
      <Filter>Include\opencv2</Filter>
    </ClInclude>
    <ClInclude Include="C:\work\BookInven\lib\opencv_contrib\modules\img_hash\include\opencv2\img_hash\average_hash.hpp">
      <Filter>Include\opencv2\img_hash</Filter>
    </ClInclude>
    <ClInclude Include="C:\work\BookInven\lib\opencv_contrib\modules\img_hash\include\opencv2\img_hash\block_mean_hash.hpp">
      <Filter>Include\opencv2\img_hash</Filter>
    </ClInclude>
    <ClInclude Include="C:\work\BookInven\lib\opencv_contrib\modules\img_hash\include\opencv2\img_hash\color_moment_hash.hpp">
      <Filter>Include\opencv2\img_hash</Filter>
    </ClInclude>
    <ClInclude Include="C:\work\BookInven\lib\opencv_contrib\modules\img_hash\include\opencv2\img_hash\img_hash_base.hpp">
      <Filter>Include\opencv2\img_hash</Filter>
    </ClInclude>
    <ClInclude Include="C:\work\BookInven\lib\opencv_contrib\modules\img_hash\include\opencv2\img_hash\marr_hildreth_hash.hpp">
      <Filter>Include\opencv2\img_hash</Filter>
    </ClInclude>
    <ClInclude Include="C:\work\BookInven\lib\opencv_contrib\modules\img_hash\include\opencv2\img_hash\phash.hpp">
      <Filter>Include\opencv2\img_hash</Filter>
    </ClInclude>
    <ClInclude Include="C:\work\BookInven\lib\opencv_contrib\modules\img_hash\include\opencv2\img_hash\radial_variance_hash.hpp">
      <Filter>Include\opencv2\img_hash</Filter>
    </ClInclude>
    <ClInclude Include="C:\work\BookInven\lib\opencv_contrib\modules\img_hash\src\precomp.hpp">
      <Filter>Src</Filter>
    </ClInclude>
    <ClInclude Include="C:\work\BookInven\lib\opencv_mybuild\cvconfig.h">
      <Filter>Include</Filter>
    </ClInclude>
    <ClInclude Include="C:\work\BookInven\lib\opencv_mybuild\opencv2\opencv_modules.hpp">
      <Filter>Include</Filter>
    </ClInclude>
  </ItemGroup>
  <ItemGroup>
    <CustomBuild Include="C:\work\BookInven\lib\opencv_contrib\modules\img_hash\CMakeLists.txt" />
  </ItemGroup>
  <ItemGroup>
    <Filter Include="Include">
      <UniqueIdentifier>{854D7D7F-04C7-3C19-8B92-39EC03CF29DD}</UniqueIdentifier>
    </Filter>
    <Filter Include="Include\opencv2">
      <UniqueIdentifier>{D169A01F-1A0E-380B-813B-864C91F6B259}</UniqueIdentifier>
    </Filter>
    <Filter Include="Include\opencv2\img_hash">
      <UniqueIdentifier>{3E9B4DE0-3F00-39DA-85FF-FC1FA621C6D0}</UniqueIdentifier>
    </Filter>
    <Filter Include="Src">
      <UniqueIdentifier>{3E81CF47-BFC6-3B85-BDCB-2F92B0B97BC6}</UniqueIdentifier>
    </Filter>
  </ItemGroup>
</Project>
