<?xml version="1.0" encoding="utf-8"?>
<Project ToolsVersion="15.0" xmlns="http://schemas.microsoft.com/developer/msbuild/2003">
  <ItemGroup>
    <CustomBuild Include="C:\Users\박주홍\Desktop\BookInven\lib\harfbuzz_mybuild\CMakeFiles\aaa6d6a03c6b92d46172f676830701a8\RUN_TESTS_force.rule">
      <Filter>CMake Rules</Filter>
    </CustomBuild>
  </ItemGroup>
  <ItemGroup>
    <Filter Include="CMake Rules">
      <UniqueIdentifier>{09F67E2B-0C60-3815-A4AB-E4E43869D7F2}</UniqueIdentifier>
    </Filter>
  </ItemGroup>
</Project>
