<?xml version="1.0" encoding="utf-8"?>
<Project ToolsVersion="15.0" xmlns="http://schemas.microsoft.com/developer/msbuild/2003">
  <ItemGroup>
    <ClCompile Include="C:\work\BookInven\lib\opencv\modules\objdetect\src\cascadedetect.cpp">
      <Filter>Src</Filter>
    </ClCompile>
    <ClCompile Include="C:\work\BookInven\lib\opencv\modules\objdetect\src\cascadedetect_convert.cpp">
      <Filter>Src</Filter>
    </ClCompile>
    <ClCompile Include="C:\work\BookInven\lib\opencv\modules\objdetect\src\detection_based_tracker.cpp">
      <Filter>Src</Filter>
    </ClCompile>
    <ClCompile Include="C:\work\BookInven\lib\opencv\modules\objdetect\src\hog.cpp">
      <Filter>Src</Filter>
    </ClCompile>
    <ClCompile Include="C:\work\BookInven\lib\opencv\modules\objdetect\src\main.cpp">
      <Filter>Src</Filter>
    </ClCompile>
    <ClCompile Include="C:\work\BookInven\lib\opencv\modules\objdetect\src\qrcode.cpp">
      <Filter>Src</Filter>
    </ClCompile>
    <ClCompile Include="C:\work\BookInven\lib\opencv_mybuild\modules\objdetect\opencl_kernels_objdetect.cpp">
      <Filter>Src\opencl\kernels\autogenerated</Filter>
    </ClCompile>
    <ClCompile Include="C:\work\BookInven\lib\opencv_mybuild\modules\objdetect\opencv_objdetect_pch.cpp">
      <Filter>Src</Filter>
    </ClCompile>
  </ItemGroup>
  <ItemGroup>
    <ClInclude Include="C:\work\BookInven\lib\opencv\modules\objdetect\include\opencv2\objdetect.hpp">
      <Filter>Include\opencv2</Filter>
    </ClInclude>
    <ClInclude Include="C:\work\BookInven\lib\opencv\modules\objdetect\include\opencv2\objdetect\detection_based_tracker.hpp">
      <Filter>Include\opencv2\objdetect</Filter>
    </ClInclude>
    <ClInclude Include="C:\work\BookInven\lib\opencv\modules\objdetect\include\opencv2\objdetect\objdetect.hpp">
      <Filter>Include\opencv2\objdetect</Filter>
    </ClInclude>
    <ClInclude Include="C:\work\BookInven\lib\opencv_mybuild\modules\objdetect\opencl_kernels_objdetect.hpp">
      <Filter>Src\opencl\kernels\autogenerated</Filter>
    </ClInclude>
    <ClInclude Include="C:\work\BookInven\lib\opencv\modules\objdetect\src\cascadedetect.hpp">
      <Filter>Src</Filter>
    </ClInclude>
    <ClInclude Include="C:\work\BookInven\lib\opencv\modules\objdetect\src\precomp.hpp">
      <Filter>Src</Filter>
    </ClInclude>
    <ClInclude Include="C:\work\BookInven\lib\opencv_mybuild\cvconfig.h">
      <Filter>Include</Filter>
    </ClInclude>
    <ClInclude Include="C:\work\BookInven\lib\opencv_mybuild\opencv2\opencv_modules.hpp">
      <Filter>Include</Filter>
    </ClInclude>
  </ItemGroup>
  <ItemGroup>
    <CustomBuild Include="C:\work\BookInven\lib\opencv_mybuild\CMakeFiles\ae1194b8b5cf71c89709d768061d442c\opencl_kernels_objdetect.cpp.rule">
      <Filter>CMake Rules</Filter>
    </CustomBuild>
    <CustomBuild Include="C:\work\BookInven\lib\opencv\modules\objdetect\CMakeLists.txt" />
  </ItemGroup>
  <ItemGroup>
    <None Include="C:\work\BookInven\lib\opencv\modules\objdetect\src\opencl\cascadedetect.cl">
      <Filter>Src\opencl\kernels</Filter>
    </None>
    <None Include="C:\work\BookInven\lib\opencv\modules\objdetect\src\opencl\objdetect_hog.cl">
      <Filter>Src\opencl\kernels</Filter>
    </None>
  </ItemGroup>
  <ItemGroup>
    <Filter Include="CMake Rules">
      <UniqueIdentifier>{D0AC041A-396E-315E-9EAF-6DBEF40FA22F}</UniqueIdentifier>
    </Filter>
    <Filter Include="Include">
      <UniqueIdentifier>{854D7D7F-04C7-3C19-8B92-39EC03CF29DD}</UniqueIdentifier>
    </Filter>
    <Filter Include="Include\opencv2">
      <UniqueIdentifier>{D169A01F-1A0E-380B-813B-864C91F6B259}</UniqueIdentifier>
    </Filter>
    <Filter Include="Include\opencv2\objdetect">
      <UniqueIdentifier>{7699F761-5812-3D51-B3B3-923C848DC8AB}</UniqueIdentifier>
    </Filter>
    <Filter Include="Src">
      <UniqueIdentifier>{3E81CF47-BFC6-3B85-BDCB-2F92B0B97BC6}</UniqueIdentifier>
    </Filter>
    <Filter Include="Src\opencl">
      <UniqueIdentifier>{1A0BB520-2577-3981-9277-632C0C1B2620}</UniqueIdentifier>
    </Filter>
    <Filter Include="Src\opencl\kernels">
      <UniqueIdentifier>{871D8551-4DC3-3EC5-8F77-3958E0B73FFD}</UniqueIdentifier>
    </Filter>
    <Filter Include="Src\opencl\kernels\autogenerated">
      <UniqueIdentifier>{1DABC61F-6552-375B-A6F3-62773539BE70}</UniqueIdentifier>
    </Filter>
  </ItemGroup>
</Project>
