<?xml version="1.0" encoding="utf-8"?>
<Project ToolsVersion="15.0" xmlns="http://schemas.microsoft.com/developer/msbuild/2003">
  <ItemGroup>
    <CustomBuild Include="C:\Users\박주홍\Desktop\BookInven\lib\libexpat_mybuild\CMakeFiles\bfdfe85bb87826fcd1077a238cb1d227\generate.stamp.rule">
      <Filter>CMake Rules</Filter>
    </CustomBuild>
  </ItemGroup>
  <ItemGroup>
    <Filter Include="CMake Rules">
      <UniqueIdentifier>{893705F5-2265-33F4-BE33-692271823A65}</UniqueIdentifier>
    </Filter>
  </ItemGroup>
</Project>
