Microsoft Visual Studio Solution File, Format Version 12.00
# Visual Studio 15
Project("{8BC9CEB8-8B4A-11D0-8D11-00A0C91BC942}") = "ALL_BUILD", "ALL_BUILD.vcxproj", "{E4D41ED1-9904-3A41-BFDF-E699A241BB9C}"
	ProjectSection(ProjectDependencies) = postProject
		{0CF80178-366B-3748-B1DE-ADFD5DA2B675} = {0CF80178-366B-3748-B1DE-ADFD5DA2B675}
		{D73A67B4-1C72-3D53-95A7-ED1B760365BD} = {D73A67B4-1C72-3D53-95A7-ED1B760365BD}
	EndProjectSection
EndProject
Project("{8BC9CEB8-8B4A-11D0-8D11-00A0C91BC942}") = "INSTALL", "INSTALL.vcxproj", "{877A0E0D-B642-37AF-AF25-1D49B0FC794A}"
	ProjectSection(ProjectDependencies) = postProject
		{E4D41ED1-9904-3A41-BFDF-E699A241BB9C} = {E4D41ED1-9904-3A41-BFDF-E699A241BB9C}
		{0CF80178-366B-3748-B1DE-ADFD5DA2B675} = {0CF80178-366B-3748-B1DE-ADFD5DA2B675}
	EndProjectSection
EndProject
Project("{8BC9CEB8-8B4A-11D0-8D11-00A0C91BC942}") = "PACKAGE", "PACKAGE.vcxproj", "{87224216-C2F0-3367-BABA-B967BF99460C}"
	ProjectSection(ProjectDependencies) = postProject
		{E4D41ED1-9904-3A41-BFDF-E699A241BB9C} = {E4D41ED1-9904-3A41-BFDF-E699A241BB9C}
		{0CF80178-366B-3748-B1DE-ADFD5DA2B675} = {0CF80178-366B-3748-B1DE-ADFD5DA2B675}
	EndProjectSection
EndProject
Project("{8BC9CEB8-8B4A-11D0-8D11-00A0C91BC942}") = "ZERO_CHECK", "ZERO_CHECK.vcxproj", "{0CF80178-366B-3748-B1DE-ADFD5DA2B675}"
	ProjectSection(ProjectDependencies) = postProject
	EndProjectSection
EndProject
Project("{8BC9CEB8-8B4A-11D0-8D11-00A0C91BC942}") = "freetype", "freetype.vcxproj", "{D73A67B4-1C72-3D53-95A7-ED1B760365BD}"
	ProjectSection(ProjectDependencies) = postProject
		{0CF80178-366B-3748-B1DE-ADFD5DA2B675} = {0CF80178-366B-3748-B1DE-ADFD5DA2B675}
	EndProjectSection
EndProject
Global
	GlobalSection(SolutionConfigurationPlatforms) = preSolution
		Debug|Win32 = Debug|Win32
		Release|Win32 = Release|Win32
		MinSizeRel|Win32 = MinSizeRel|Win32
		RelWithDebInfo|Win32 = RelWithDebInfo|Win32
	EndGlobalSection
	GlobalSection(ProjectConfigurationPlatforms) = postSolution
		{E4D41ED1-9904-3A41-BFDF-E699A241BB9C}.Debug|Win32.ActiveCfg = Debug|Win32
		{E4D41ED1-9904-3A41-BFDF-E699A241BB9C}.Debug|Win32.Build.0 = Debug|Win32
		{E4D41ED1-9904-3A41-BFDF-E699A241BB9C}.Release|Win32.ActiveCfg = Release|Win32
		{E4D41ED1-9904-3A41-BFDF-E699A241BB9C}.Release|Win32.Build.0 = Release|Win32
		{E4D41ED1-9904-3A41-BFDF-E699A241BB9C}.MinSizeRel|Win32.ActiveCfg = MinSizeRel|Win32
		{E4D41ED1-9904-3A41-BFDF-E699A241BB9C}.MinSizeRel|Win32.Build.0 = MinSizeRel|Win32
		{E4D41ED1-9904-3A41-BFDF-E699A241BB9C}.RelWithDebInfo|Win32.ActiveCfg = RelWithDebInfo|Win32
		{E4D41ED1-9904-3A41-BFDF-E699A241BB9C}.RelWithDebInfo|Win32.Build.0 = RelWithDebInfo|Win32
		{877A0E0D-B642-37AF-AF25-1D49B0FC794A}.Debug|Win32.ActiveCfg = Debug|Win32
		{877A0E0D-B642-37AF-AF25-1D49B0FC794A}.Release|Win32.ActiveCfg = Release|Win32
		{877A0E0D-B642-37AF-AF25-1D49B0FC794A}.MinSizeRel|Win32.ActiveCfg = MinSizeRel|Win32
		{877A0E0D-B642-37AF-AF25-1D49B0FC794A}.RelWithDebInfo|Win32.ActiveCfg = RelWithDebInfo|Win32
		{87224216-C2F0-3367-BABA-B967BF99460C}.Debug|Win32.ActiveCfg = Debug|Win32
		{87224216-C2F0-3367-BABA-B967BF99460C}.Release|Win32.ActiveCfg = Release|Win32
		{87224216-C2F0-3367-BABA-B967BF99460C}.MinSizeRel|Win32.ActiveCfg = MinSizeRel|Win32
		{87224216-C2F0-3367-BABA-B967BF99460C}.RelWithDebInfo|Win32.ActiveCfg = RelWithDebInfo|Win32
		{0CF80178-366B-3748-B1DE-ADFD5DA2B675}.Debug|Win32.ActiveCfg = Debug|Win32
		{0CF80178-366B-3748-B1DE-ADFD5DA2B675}.Debug|Win32.Build.0 = Debug|Win32
		{0CF80178-366B-3748-B1DE-ADFD5DA2B675}.Release|Win32.ActiveCfg = Release|Win32
		{0CF80178-366B-3748-B1DE-ADFD5DA2B675}.Release|Win32.Build.0 = Release|Win32
		{0CF80178-366B-3748-B1DE-ADFD5DA2B675}.MinSizeRel|Win32.ActiveCfg = MinSizeRel|Win32
		{0CF80178-366B-3748-B1DE-ADFD5DA2B675}.MinSizeRel|Win32.Build.0 = MinSizeRel|Win32
		{0CF80178-366B-3748-B1DE-ADFD5DA2B675}.RelWithDebInfo|Win32.ActiveCfg = RelWithDebInfo|Win32
		{0CF80178-366B-3748-B1DE-ADFD5DA2B675}.RelWithDebInfo|Win32.Build.0 = RelWithDebInfo|Win32
		{D73A67B4-1C72-3D53-95A7-ED1B760365BD}.Debug|Win32.ActiveCfg = Debug|Win32
		{D73A67B4-1C72-3D53-95A7-ED1B760365BD}.Debug|Win32.Build.0 = Debug|Win32
		{D73A67B4-1C72-3D53-95A7-ED1B760365BD}.Release|Win32.ActiveCfg = Release|Win32
		{D73A67B4-1C72-3D53-95A7-ED1B760365BD}.Release|Win32.Build.0 = Release|Win32
		{D73A67B4-1C72-3D53-95A7-ED1B760365BD}.MinSizeRel|Win32.ActiveCfg = MinSizeRel|Win32
		{D73A67B4-1C72-3D53-95A7-ED1B760365BD}.MinSizeRel|Win32.Build.0 = MinSizeRel|Win32
		{D73A67B4-1C72-3D53-95A7-ED1B760365BD}.RelWithDebInfo|Win32.ActiveCfg = RelWithDebInfo|Win32
		{D73A67B4-1C72-3D53-95A7-ED1B760365BD}.RelWithDebInfo|Win32.Build.0 = RelWithDebInfo|Win32
	EndGlobalSection
	GlobalSection(ExtensibilityGlobals) = postSolution
		SolutionGuid = {F82F4EBE-8A59-32C9-8E23-15F16029665A}
	EndGlobalSection
	GlobalSection(ExtensibilityAddIns) = postSolution
	EndGlobalSection
EndGlobal
