<?xml version="1.0" encoding="utf-8"?>
<Project ToolsVersion="15.0" xmlns="http://schemas.microsoft.com/developer/msbuild/2003">
  <ItemGroup>
    <ClCompile Include="C:\Users\박주홍\Desktop\BookInven\lib\freetype_mirror\src\autofit\autofit.c">
      <Filter>Source Files</Filter>
    </ClCompile>
    <ClCompile Include="C:\Users\박주홍\Desktop\BookInven\lib\freetype_mirror\src\base\ftbase.c">
      <Filter>Source Files</Filter>
    </ClCompile>
    <ClCompile Include="C:\Users\박주홍\Desktop\BookInven\lib\freetype_mirror\src\base\ftbbox.c">
      <Filter>Source Files</Filter>
    </ClCompile>
    <ClCompile Include="C:\Users\박주홍\Desktop\BookInven\lib\freetype_mirror\src\base\ftbdf.c">
      <Filter>Source Files</Filter>
    </ClCompile>
    <ClCompile Include="C:\Users\박주홍\Desktop\BookInven\lib\freetype_mirror\src\base\ftbitmap.c">
      <Filter>Source Files</Filter>
    </ClCompile>
    <ClCompile Include="C:\Users\박주홍\Desktop\BookInven\lib\freetype_mirror\src\base\ftcid.c">
      <Filter>Source Files</Filter>
    </ClCompile>
    <ClCompile Include="C:\Users\박주홍\Desktop\BookInven\lib\freetype_mirror\src\base\ftfstype.c">
      <Filter>Source Files</Filter>
    </ClCompile>
    <ClCompile Include="C:\Users\박주홍\Desktop\BookInven\lib\freetype_mirror\src\base\ftgasp.c">
      <Filter>Source Files</Filter>
    </ClCompile>
    <ClCompile Include="C:\Users\박주홍\Desktop\BookInven\lib\freetype_mirror\src\base\ftglyph.c">
      <Filter>Source Files</Filter>
    </ClCompile>
    <ClCompile Include="C:\Users\박주홍\Desktop\BookInven\lib\freetype_mirror\src\base\ftgxval.c">
      <Filter>Source Files</Filter>
    </ClCompile>
    <ClCompile Include="C:\Users\박주홍\Desktop\BookInven\lib\freetype_mirror\src\base\ftinit.c">
      <Filter>Source Files</Filter>
    </ClCompile>
    <ClCompile Include="C:\Users\박주홍\Desktop\BookInven\lib\freetype_mirror\src\base\ftmm.c">
      <Filter>Source Files</Filter>
    </ClCompile>
    <ClCompile Include="C:\Users\박주홍\Desktop\BookInven\lib\freetype_mirror\src\base\ftotval.c">
      <Filter>Source Files</Filter>
    </ClCompile>
    <ClCompile Include="C:\Users\박주홍\Desktop\BookInven\lib\freetype_mirror\src\base\ftpatent.c">
      <Filter>Source Files</Filter>
    </ClCompile>
    <ClCompile Include="C:\Users\박주홍\Desktop\BookInven\lib\freetype_mirror\src\base\ftpfr.c">
      <Filter>Source Files</Filter>
    </ClCompile>
    <ClCompile Include="C:\Users\박주홍\Desktop\BookInven\lib\freetype_mirror\src\base\ftstroke.c">
      <Filter>Source Files</Filter>
    </ClCompile>
    <ClCompile Include="C:\Users\박주홍\Desktop\BookInven\lib\freetype_mirror\src\base\ftsynth.c">
      <Filter>Source Files</Filter>
    </ClCompile>
    <ClCompile Include="C:\Users\박주홍\Desktop\BookInven\lib\freetype_mirror\src\base\ftsystem.c">
      <Filter>Source Files</Filter>
    </ClCompile>
    <ClCompile Include="C:\Users\박주홍\Desktop\BookInven\lib\freetype_mirror\src\base\fttype1.c">
      <Filter>Source Files</Filter>
    </ClCompile>
    <ClCompile Include="C:\Users\박주홍\Desktop\BookInven\lib\freetype_mirror\src\base\ftwinfnt.c">
      <Filter>Source Files</Filter>
    </ClCompile>
    <ClCompile Include="C:\Users\박주홍\Desktop\BookInven\lib\freetype_mirror\src\bdf\bdf.c">
      <Filter>Source Files</Filter>
    </ClCompile>
    <ClCompile Include="C:\Users\박주홍\Desktop\BookInven\lib\freetype_mirror\src\bzip2\ftbzip2.c">
      <Filter>Source Files</Filter>
    </ClCompile>
    <ClCompile Include="C:\Users\박주홍\Desktop\BookInven\lib\freetype_mirror\src\cache\ftcache.c">
      <Filter>Source Files</Filter>
    </ClCompile>
    <ClCompile Include="C:\Users\박주홍\Desktop\BookInven\lib\freetype_mirror\src\cff\cff.c">
      <Filter>Source Files</Filter>
    </ClCompile>
    <ClCompile Include="C:\Users\박주홍\Desktop\BookInven\lib\freetype_mirror\src\cid\type1cid.c">
      <Filter>Source Files</Filter>
    </ClCompile>
    <ClCompile Include="C:\Users\박주홍\Desktop\BookInven\lib\freetype_mirror\src\gzip\ftgzip.c">
      <Filter>Source Files</Filter>
    </ClCompile>
    <ClCompile Include="C:\Users\박주홍\Desktop\BookInven\lib\freetype_mirror\src\lzw\ftlzw.c">
      <Filter>Source Files</Filter>
    </ClCompile>
    <ClCompile Include="C:\Users\박주홍\Desktop\BookInven\lib\freetype_mirror\src\pcf\pcf.c">
      <Filter>Source Files</Filter>
    </ClCompile>
    <ClCompile Include="C:\Users\박주홍\Desktop\BookInven\lib\freetype_mirror\src\pfr\pfr.c">
      <Filter>Source Files</Filter>
    </ClCompile>
    <ClCompile Include="C:\Users\박주홍\Desktop\BookInven\lib\freetype_mirror\src\psaux\psaux.c">
      <Filter>Source Files</Filter>
    </ClCompile>
    <ClCompile Include="C:\Users\박주홍\Desktop\BookInven\lib\freetype_mirror\src\pshinter\pshinter.c">
      <Filter>Source Files</Filter>
    </ClCompile>
    <ClCompile Include="C:\Users\박주홍\Desktop\BookInven\lib\freetype_mirror\src\psnames\psnames.c">
      <Filter>Source Files</Filter>
    </ClCompile>
    <ClCompile Include="C:\Users\박주홍\Desktop\BookInven\lib\freetype_mirror\src\raster\raster.c">
      <Filter>Source Files</Filter>
    </ClCompile>
    <ClCompile Include="C:\Users\박주홍\Desktop\BookInven\lib\freetype_mirror\src\sfnt\sfnt.c">
      <Filter>Source Files</Filter>
    </ClCompile>
    <ClCompile Include="C:\Users\박주홍\Desktop\BookInven\lib\freetype_mirror\src\smooth\smooth.c">
      <Filter>Source Files</Filter>
    </ClCompile>
    <ClCompile Include="C:\Users\박주홍\Desktop\BookInven\lib\freetype_mirror\src\truetype\truetype.c">
      <Filter>Source Files</Filter>
    </ClCompile>
    <ClCompile Include="C:\Users\박주홍\Desktop\BookInven\lib\freetype_mirror\src\type1\type1.c">
      <Filter>Source Files</Filter>
    </ClCompile>
    <ClCompile Include="C:\Users\박주홍\Desktop\BookInven\lib\freetype_mirror\src\type42\type42.c">
      <Filter>Source Files</Filter>
    </ClCompile>
    <ClCompile Include="C:\Users\박주홍\Desktop\BookInven\lib\freetype_mirror\src\winfonts\winfnt.c">
      <Filter>Source Files</Filter>
    </ClCompile>
    <ClCompile Include="C:\Users\박주홍\Desktop\BookInven\lib\freetype_mirror\builds\windows\ftdebug.c">
      <Filter>Source Files</Filter>
    </ClCompile>
  </ItemGroup>
  <ItemGroup>
    <ClInclude Include="C:\Users\박주홍\Desktop\BookInven\lib\freetype_mirror\include\freetype\freetype.h">
      <Filter>Header Files</Filter>
    </ClInclude>
    <ClInclude Include="C:\Users\박주홍\Desktop\BookInven\lib\freetype_mirror\include\freetype\ftadvanc.h">
      <Filter>Header Files</Filter>
    </ClInclude>
    <ClInclude Include="C:\Users\박주홍\Desktop\BookInven\lib\freetype_mirror\include\freetype\ftbbox.h">
      <Filter>Header Files</Filter>
    </ClInclude>
    <ClInclude Include="C:\Users\박주홍\Desktop\BookInven\lib\freetype_mirror\include\freetype\ftbdf.h">
      <Filter>Header Files</Filter>
    </ClInclude>
    <ClInclude Include="C:\Users\박주홍\Desktop\BookInven\lib\freetype_mirror\include\freetype\ftbitmap.h">
      <Filter>Header Files</Filter>
    </ClInclude>
    <ClInclude Include="C:\Users\박주홍\Desktop\BookInven\lib\freetype_mirror\include\freetype\ftbzip2.h">
      <Filter>Header Files</Filter>
    </ClInclude>
    <ClInclude Include="C:\Users\박주홍\Desktop\BookInven\lib\freetype_mirror\include\freetype\ftcache.h">
      <Filter>Header Files</Filter>
    </ClInclude>
    <ClInclude Include="C:\Users\박주홍\Desktop\BookInven\lib\freetype_mirror\include\freetype\ftchapters.h">
      <Filter>Header Files</Filter>
    </ClInclude>
    <ClInclude Include="C:\Users\박주홍\Desktop\BookInven\lib\freetype_mirror\include\freetype\ftcid.h">
      <Filter>Header Files</Filter>
    </ClInclude>
    <ClInclude Include="C:\Users\박주홍\Desktop\BookInven\lib\freetype_mirror\include\freetype\ftdriver.h">
      <Filter>Header Files</Filter>
    </ClInclude>
    <ClInclude Include="C:\Users\박주홍\Desktop\BookInven\lib\freetype_mirror\include\freetype\fterrdef.h">
      <Filter>Header Files</Filter>
    </ClInclude>
    <ClInclude Include="C:\Users\박주홍\Desktop\BookInven\lib\freetype_mirror\include\freetype\fterrors.h">
      <Filter>Header Files</Filter>
    </ClInclude>
    <ClInclude Include="C:\Users\박주홍\Desktop\BookInven\lib\freetype_mirror\include\freetype\ftfntfmt.h">
      <Filter>Header Files</Filter>
    </ClInclude>
    <ClInclude Include="C:\Users\박주홍\Desktop\BookInven\lib\freetype_mirror\include\freetype\ftgasp.h">
      <Filter>Header Files</Filter>
    </ClInclude>
    <ClInclude Include="C:\Users\박주홍\Desktop\BookInven\lib\freetype_mirror\include\freetype\ftglyph.h">
      <Filter>Header Files</Filter>
    </ClInclude>
    <ClInclude Include="C:\Users\박주홍\Desktop\BookInven\lib\freetype_mirror\include\freetype\ftgxval.h">
      <Filter>Header Files</Filter>
    </ClInclude>
    <ClInclude Include="C:\Users\박주홍\Desktop\BookInven\lib\freetype_mirror\include\freetype\ftgzip.h">
      <Filter>Header Files</Filter>
    </ClInclude>
    <ClInclude Include="C:\Users\박주홍\Desktop\BookInven\lib\freetype_mirror\include\freetype\ftimage.h">
      <Filter>Header Files</Filter>
    </ClInclude>
    <ClInclude Include="C:\Users\박주홍\Desktop\BookInven\lib\freetype_mirror\include\freetype\ftincrem.h">
      <Filter>Header Files</Filter>
    </ClInclude>
    <ClInclude Include="C:\Users\박주홍\Desktop\BookInven\lib\freetype_mirror\include\freetype\ftlcdfil.h">
      <Filter>Header Files</Filter>
    </ClInclude>
    <ClInclude Include="C:\Users\박주홍\Desktop\BookInven\lib\freetype_mirror\include\freetype\ftlist.h">
      <Filter>Header Files</Filter>
    </ClInclude>
    <ClInclude Include="C:\Users\박주홍\Desktop\BookInven\lib\freetype_mirror\include\freetype\ftlzw.h">
      <Filter>Header Files</Filter>
    </ClInclude>
    <ClInclude Include="C:\Users\박주홍\Desktop\BookInven\lib\freetype_mirror\include\freetype\ftmac.h">
      <Filter>Header Files</Filter>
    </ClInclude>
    <ClInclude Include="C:\Users\박주홍\Desktop\BookInven\lib\freetype_mirror\include\freetype\ftmm.h">
      <Filter>Header Files</Filter>
    </ClInclude>
    <ClInclude Include="C:\Users\박주홍\Desktop\BookInven\lib\freetype_mirror\include\freetype\ftmodapi.h">
      <Filter>Header Files</Filter>
    </ClInclude>
    <ClInclude Include="C:\Users\박주홍\Desktop\BookInven\lib\freetype_mirror\include\freetype\ftmoderr.h">
      <Filter>Header Files</Filter>
    </ClInclude>
    <ClInclude Include="C:\Users\박주홍\Desktop\BookInven\lib\freetype_mirror\include\freetype\ftotval.h">
      <Filter>Header Files</Filter>
    </ClInclude>
    <ClInclude Include="C:\Users\박주홍\Desktop\BookInven\lib\freetype_mirror\include\freetype\ftoutln.h">
      <Filter>Header Files</Filter>
    </ClInclude>
    <ClInclude Include="C:\Users\박주홍\Desktop\BookInven\lib\freetype_mirror\include\freetype\ftparams.h">
      <Filter>Header Files</Filter>
    </ClInclude>
    <ClInclude Include="C:\Users\박주홍\Desktop\BookInven\lib\freetype_mirror\include\freetype\ftpfr.h">
      <Filter>Header Files</Filter>
    </ClInclude>
    <ClInclude Include="C:\Users\박주홍\Desktop\BookInven\lib\freetype_mirror\include\freetype\ftrender.h">
      <Filter>Header Files</Filter>
    </ClInclude>
    <ClInclude Include="C:\Users\박주홍\Desktop\BookInven\lib\freetype_mirror\include\freetype\ftsizes.h">
      <Filter>Header Files</Filter>
    </ClInclude>
    <ClInclude Include="C:\Users\박주홍\Desktop\BookInven\lib\freetype_mirror\include\freetype\ftsnames.h">
      <Filter>Header Files</Filter>
    </ClInclude>
    <ClInclude Include="C:\Users\박주홍\Desktop\BookInven\lib\freetype_mirror\include\freetype\ftstroke.h">
      <Filter>Header Files</Filter>
    </ClInclude>
    <ClInclude Include="C:\Users\박주홍\Desktop\BookInven\lib\freetype_mirror\include\freetype\ftsynth.h">
      <Filter>Header Files</Filter>
    </ClInclude>
    <ClInclude Include="C:\Users\박주홍\Desktop\BookInven\lib\freetype_mirror\include\freetype\ftsystem.h">
      <Filter>Header Files</Filter>
    </ClInclude>
    <ClInclude Include="C:\Users\박주홍\Desktop\BookInven\lib\freetype_mirror\include\freetype\fttrigon.h">
      <Filter>Header Files</Filter>
    </ClInclude>
    <ClInclude Include="C:\Users\박주홍\Desktop\BookInven\lib\freetype_mirror\include\freetype\fttypes.h">
      <Filter>Header Files</Filter>
    </ClInclude>
    <ClInclude Include="C:\Users\박주홍\Desktop\BookInven\lib\freetype_mirror\include\freetype\ftwinfnt.h">
      <Filter>Header Files</Filter>
    </ClInclude>
    <ClInclude Include="C:\Users\박주홍\Desktop\BookInven\lib\freetype_mirror\include\freetype\t1tables.h">
      <Filter>Header Files</Filter>
    </ClInclude>
    <ClInclude Include="C:\Users\박주홍\Desktop\BookInven\lib\freetype_mirror\include\freetype\ttnameid.h">
      <Filter>Header Files</Filter>
    </ClInclude>
    <ClInclude Include="C:\Users\박주홍\Desktop\BookInven\lib\freetype_mirror\include\freetype\tttables.h">
      <Filter>Header Files</Filter>
    </ClInclude>
    <ClInclude Include="C:\Users\박주홍\Desktop\BookInven\lib\freetype_mirror\include\freetype\tttags.h">
      <Filter>Header Files</Filter>
    </ClInclude>
    <ClInclude Include="C:\Users\박주홍\Desktop\BookInven\lib\freetype_mirror\include\ft2build.h">
      <Filter>Header Files</Filter>
    </ClInclude>
    <ClInclude Include="C:\Users\박주홍\Desktop\BookInven\lib\freetype_mirror\include\freetype\config\ftconfig.h">
      <Filter>Header Files</Filter>
    </ClInclude>
    <ClInclude Include="C:\Users\박주홍\Desktop\BookInven\lib\freetype_mirror\include\freetype\config\ftheader.h">
      <Filter>Header Files</Filter>
    </ClInclude>
    <ClInclude Include="C:\Users\박주홍\Desktop\BookInven\lib\freetype_mirror\include\freetype\config\ftmodule.h">
      <Filter>Header Files</Filter>
    </ClInclude>
    <ClInclude Include="C:\Users\박주홍\Desktop\BookInven\lib\freetype_mirror\include\freetype\config\ftoption.h">
      <Filter>Header Files</Filter>
    </ClInclude>
    <ClInclude Include="C:\Users\박주홍\Desktop\BookInven\lib\freetype_mirror\include\freetype\config\ftstdlib.h">
      <Filter>Header Files</Filter>
    </ClInclude>
    <ClInclude Include="C:\Users\박주홍\Desktop\BookInven\lib\freetype_mirror\include\freetype\internal\autohint.h">
      <Filter>Header Files</Filter>
    </ClInclude>
    <ClInclude Include="C:\Users\박주홍\Desktop\BookInven\lib\freetype_mirror\include\freetype\internal\cffotypes.h">
      <Filter>Header Files</Filter>
    </ClInclude>
    <ClInclude Include="C:\Users\박주홍\Desktop\BookInven\lib\freetype_mirror\include\freetype\internal\cfftypes.h">
      <Filter>Header Files</Filter>
    </ClInclude>
    <ClInclude Include="C:\Users\박주홍\Desktop\BookInven\lib\freetype_mirror\include\freetype\internal\ftcalc.h">
      <Filter>Header Files</Filter>
    </ClInclude>
    <ClInclude Include="C:\Users\박주홍\Desktop\BookInven\lib\freetype_mirror\include\freetype\internal\ftdebug.h">
      <Filter>Header Files</Filter>
    </ClInclude>
    <ClInclude Include="C:\Users\박주홍\Desktop\BookInven\lib\freetype_mirror\include\freetype\internal\ftdrv.h">
      <Filter>Header Files</Filter>
    </ClInclude>
    <ClInclude Include="C:\Users\박주홍\Desktop\BookInven\lib\freetype_mirror\include\freetype\internal\ftgloadr.h">
      <Filter>Header Files</Filter>
    </ClInclude>
    <ClInclude Include="C:\Users\박주홍\Desktop\BookInven\lib\freetype_mirror\include\freetype\internal\fthash.h">
      <Filter>Header Files</Filter>
    </ClInclude>
    <ClInclude Include="C:\Users\박주홍\Desktop\BookInven\lib\freetype_mirror\include\freetype\internal\ftmemory.h">
      <Filter>Header Files</Filter>
    </ClInclude>
    <ClInclude Include="C:\Users\박주홍\Desktop\BookInven\lib\freetype_mirror\include\freetype\internal\ftobjs.h">
      <Filter>Header Files</Filter>
    </ClInclude>
    <ClInclude Include="C:\Users\박주홍\Desktop\BookInven\lib\freetype_mirror\include\freetype\internal\ftpic.h">
      <Filter>Header Files</Filter>
    </ClInclude>
    <ClInclude Include="C:\Users\박주홍\Desktop\BookInven\lib\freetype_mirror\include\freetype\internal\ftpsprop.h">
      <Filter>Header Files</Filter>
    </ClInclude>
    <ClInclude Include="C:\Users\박주홍\Desktop\BookInven\lib\freetype_mirror\include\freetype\internal\ftrfork.h">
      <Filter>Header Files</Filter>
    </ClInclude>
    <ClInclude Include="C:\Users\박주홍\Desktop\BookInven\lib\freetype_mirror\include\freetype\internal\ftserv.h">
      <Filter>Header Files</Filter>
    </ClInclude>
    <ClInclude Include="C:\Users\박주홍\Desktop\BookInven\lib\freetype_mirror\include\freetype\internal\ftstream.h">
      <Filter>Header Files</Filter>
    </ClInclude>
    <ClInclude Include="C:\Users\박주홍\Desktop\BookInven\lib\freetype_mirror\include\freetype\internal\fttrace.h">
      <Filter>Header Files</Filter>
    </ClInclude>
    <ClInclude Include="C:\Users\박주홍\Desktop\BookInven\lib\freetype_mirror\include\freetype\internal\ftvalid.h">
      <Filter>Header Files</Filter>
    </ClInclude>
    <ClInclude Include="C:\Users\박주홍\Desktop\BookInven\lib\freetype_mirror\include\freetype\internal\internal.h">
      <Filter>Header Files</Filter>
    </ClInclude>
    <ClInclude Include="C:\Users\박주홍\Desktop\BookInven\lib\freetype_mirror\include\freetype\internal\psaux.h">
      <Filter>Header Files</Filter>
    </ClInclude>
    <ClInclude Include="C:\Users\박주홍\Desktop\BookInven\lib\freetype_mirror\include\freetype\internal\pshints.h">
      <Filter>Header Files</Filter>
    </ClInclude>
    <ClInclude Include="C:\Users\박주홍\Desktop\BookInven\lib\freetype_mirror\include\freetype\internal\sfnt.h">
      <Filter>Header Files</Filter>
    </ClInclude>
    <ClInclude Include="C:\Users\박주홍\Desktop\BookInven\lib\freetype_mirror\include\freetype\internal\t1types.h">
      <Filter>Header Files</Filter>
    </ClInclude>
    <ClInclude Include="C:\Users\박주홍\Desktop\BookInven\lib\freetype_mirror\include\freetype\internal\tttypes.h">
      <Filter>Header Files</Filter>
    </ClInclude>
  </ItemGroup>
  <ItemGroup>
    <CustomBuild Include="C:\Users\박주홍\Desktop\BookInven\lib\freetype_mirror\CMakeLists.txt" />
  </ItemGroup>
  <ItemGroup>
    <ResourceCompile Include="C:\Users\박주홍\Desktop\BookInven\lib\freetype_mirror\src\base\ftver.rc">
      <Filter>Source Files</Filter>
    </ResourceCompile>
  </ItemGroup>
  <ItemGroup>
    <Filter Include="Header Files">
      <UniqueIdentifier>{8A15E11E-F5C3-377E-80E5-A17D3508AA90}</UniqueIdentifier>
    </Filter>
    <Filter Include="Source Files">
      <UniqueIdentifier>{49EA024E-4EF9-32D6-8B52-EB1D034F1797}</UniqueIdentifier>
    </Filter>
  </ItemGroup>
</Project>
