<?xml version="1.0" encoding="utf-8"?>
<Project ToolsVersion="15.0" xmlns="http://schemas.microsoft.com/developer/msbuild/2003">
  <ItemGroup>
    <ClCompile Include="C:\work\BookInven\lib\opencv\modules\ts\src\cuda_perf.cpp">
      <Filter>Src</Filter>
    </ClCompile>
    <ClCompile Include="C:\work\BookInven\lib\opencv\modules\ts\src\cuda_test.cpp">
      <Filter>Src</Filter>
    </ClCompile>
    <ClCompile Include="C:\work\BookInven\lib\opencv\modules\ts\src\ocl_perf.cpp">
      <Filter>Src</Filter>
    </ClCompile>
    <ClCompile Include="C:\work\BookInven\lib\opencv\modules\ts\src\ocl_test.cpp">
      <Filter>Src</Filter>
    </ClCompile>
    <ClCompile Include="C:\work\BookInven\lib\opencv\modules\ts\src\ts.cpp">
      <Filter>Src</Filter>
    </ClCompile>
    <ClCompile Include="C:\work\BookInven\lib\opencv\modules\ts\src\ts_arrtest.cpp">
      <Filter>Src</Filter>
    </ClCompile>
    <ClCompile Include="C:\work\BookInven\lib\opencv\modules\ts\src\ts_func.cpp">
      <Filter>Src</Filter>
    </ClCompile>
    <ClCompile Include="C:\work\BookInven\lib\opencv\modules\ts\src\ts_gtest.cpp">
      <Filter>Src</Filter>
    </ClCompile>
    <ClCompile Include="C:\work\BookInven\lib\opencv\modules\ts\src\ts_perf.cpp">
      <Filter>Src</Filter>
    </ClCompile>
    <ClCompile Include="C:\work\BookInven\lib\opencv_mybuild\modules\ts\opencv_ts_pch.cpp">
      <Filter>Src</Filter>
    </ClCompile>
  </ItemGroup>
  <ItemGroup>
    <ClInclude Include="C:\work\BookInven\lib\opencv\modules\ts\include\opencv2\ts.hpp">
      <Filter>Include\opencv2</Filter>
    </ClInclude>
    <ClInclude Include="C:\work\BookInven\lib\opencv\modules\ts\include\opencv2\ts\cuda_perf.hpp">
      <Filter>Include\opencv2\ts</Filter>
    </ClInclude>
    <ClInclude Include="C:\work\BookInven\lib\opencv\modules\ts\include\opencv2\ts\cuda_test.hpp">
      <Filter>Include\opencv2\ts</Filter>
    </ClInclude>
    <ClInclude Include="C:\work\BookInven\lib\opencv\modules\ts\include\opencv2\ts\ocl_perf.hpp">
      <Filter>Include\opencv2\ts</Filter>
    </ClInclude>
    <ClInclude Include="C:\work\BookInven\lib\opencv\modules\ts\include\opencv2\ts\ocl_test.hpp">
      <Filter>Include\opencv2\ts</Filter>
    </ClInclude>
    <ClInclude Include="C:\work\BookInven\lib\opencv\modules\ts\include\opencv2\ts\ts_ext.hpp">
      <Filter>Include\opencv2\ts</Filter>
    </ClInclude>
    <ClInclude Include="C:\work\BookInven\lib\opencv\modules\ts\include\opencv2\ts\ts_gtest.h">
      <Filter>Include\opencv2\ts</Filter>
    </ClInclude>
    <ClInclude Include="C:\work\BookInven\lib\opencv\modules\ts\include\opencv2\ts\ts_perf.hpp">
      <Filter>Include\opencv2\ts</Filter>
    </ClInclude>
    <ClInclude Include="C:\work\BookInven\lib\opencv\modules\ts\src\precomp.hpp">
      <Filter>Src</Filter>
    </ClInclude>
    <ClInclude Include="C:\work\BookInven\lib\opencv_mybuild\cvconfig.h">
      <Filter>Include</Filter>
    </ClInclude>
    <ClInclude Include="C:\work\BookInven\lib\opencv_mybuild\opencv2\opencv_modules.hpp">
      <Filter>Include</Filter>
    </ClInclude>
  </ItemGroup>
  <ItemGroup>
    <CustomBuild Include="C:\work\BookInven\lib\opencv\modules\ts\CMakeLists.txt" />
  </ItemGroup>
  <ItemGroup>
    <Filter Include="Include">
      <UniqueIdentifier>{854D7D7F-04C7-3C19-8B92-39EC03CF29DD}</UniqueIdentifier>
    </Filter>
    <Filter Include="Include\opencv2">
      <UniqueIdentifier>{D169A01F-1A0E-380B-813B-864C91F6B259}</UniqueIdentifier>
    </Filter>
    <Filter Include="Include\opencv2\ts">
      <UniqueIdentifier>{EC2C1415-03DC-3D5D-9227-C5826977B7CA}</UniqueIdentifier>
    </Filter>
    <Filter Include="Src">
      <UniqueIdentifier>{3E81CF47-BFC6-3B85-BDCB-2F92B0B97BC6}</UniqueIdentifier>
    </Filter>
  </ItemGroup>
</Project>
