<?xml version="1.0" encoding="utf-8"?>
<Project ToolsVersion="15.0" xmlns="http://schemas.microsoft.com/developer/msbuild/2003">
  <ItemGroup>
    <ClCompile Include="C:\work\BookInven\lib\opencv_contrib\modules\structured_light\src\graycodepattern.cpp">
      <Filter>Src</Filter>
    </ClCompile>
    <ClCompile Include="C:\work\BookInven\lib\opencv_contrib\modules\structured_light\src\sinusoidalpattern.cpp">
      <Filter>Src</Filter>
    </ClCompile>
    <ClCompile Include="C:\work\BookInven\lib\opencv_mybuild\modules\structured_light\opencv_structured_light_pch.cpp">
      <Filter>Src</Filter>
    </ClCompile>
  </ItemGroup>
  <ItemGroup>
    <ClInclude Include="C:\work\BookInven\lib\opencv_contrib\modules\structured_light\include\opencv2\structured_light.hpp">
      <Filter>Include\opencv2</Filter>
    </ClInclude>
    <ClInclude Include="C:\work\BookInven\lib\opencv_contrib\modules\structured_light\include\opencv2\structured_light\graycodepattern.hpp">
      <Filter>Include\opencv2\structured_light</Filter>
    </ClInclude>
    <ClInclude Include="C:\work\BookInven\lib\opencv_contrib\modules\structured_light\include\opencv2\structured_light\sinusoidalpattern.hpp">
      <Filter>Include\opencv2\structured_light</Filter>
    </ClInclude>
    <ClInclude Include="C:\work\BookInven\lib\opencv_contrib\modules\structured_light\include\opencv2\structured_light\structured_light.hpp">
      <Filter>Include\opencv2\structured_light</Filter>
    </ClInclude>
    <ClInclude Include="C:\work\BookInven\lib\opencv_contrib\modules\structured_light\src\precomp.hpp">
      <Filter>Src</Filter>
    </ClInclude>
    <ClInclude Include="C:\work\BookInven\lib\opencv_mybuild\cvconfig.h">
      <Filter>Include</Filter>
    </ClInclude>
    <ClInclude Include="C:\work\BookInven\lib\opencv_mybuild\opencv2\opencv_modules.hpp">
      <Filter>Include</Filter>
    </ClInclude>
  </ItemGroup>
  <ItemGroup>
    <CustomBuild Include="C:\work\BookInven\lib\opencv_contrib\modules\structured_light\CMakeLists.txt" />
  </ItemGroup>
  <ItemGroup>
    <Filter Include="Include">
      <UniqueIdentifier>{854D7D7F-04C7-3C19-8B92-39EC03CF29DD}</UniqueIdentifier>
    </Filter>
    <Filter Include="Include\opencv2">
      <UniqueIdentifier>{D169A01F-1A0E-380B-813B-864C91F6B259}</UniqueIdentifier>
    </Filter>
    <Filter Include="Include\opencv2\structured_light">
      <UniqueIdentifier>{CDCC90D7-E763-3433-9A1A-8D9D8784FC39}</UniqueIdentifier>
    </Filter>
    <Filter Include="Src">
      <UniqueIdentifier>{3E81CF47-BFC6-3B85-BDCB-2F92B0B97BC6}</UniqueIdentifier>
    </Filter>
  </ItemGroup>
</Project>
