<?xml version="1.0" encoding="utf-8"?>
<Project ToolsVersion="15.0" xmlns="http://schemas.microsoft.com/developer/msbuild/2003">
  <ItemGroup>
    <ClCompile Include="C:\work\BookInven\lib\opencv_contrib\modules\rgbd\src\depth_cleaner.cpp">
      <Filter>Src</Filter>
    </ClCompile>
    <ClCompile Include="C:\work\BookInven\lib\opencv_contrib\modules\rgbd\src\depth_registration.cpp">
      <Filter>Src</Filter>
    </ClCompile>
    <ClCompile Include="C:\work\BookInven\lib\opencv_contrib\modules\rgbd\src\depth_to_3d.cpp">
      <Filter>Src</Filter>
    </ClCompile>
    <ClCompile Include="C:\work\BookInven\lib\opencv_contrib\modules\rgbd\src\fast_icp.cpp">
      <Filter>Src</Filter>
    </ClCompile>
    <ClCompile Include="C:\work\BookInven\lib\opencv_contrib\modules\rgbd\src\kinfu.cpp">
      <Filter>Src</Filter>
    </ClCompile>
    <ClCompile Include="C:\work\BookInven\lib\opencv_contrib\modules\rgbd\src\kinfu_frame.cpp">
      <Filter>Src</Filter>
    </ClCompile>
    <ClCompile Include="C:\work\BookInven\lib\opencv_contrib\modules\rgbd\src\linemod.cpp">
      <Filter>Src</Filter>
    </ClCompile>
    <ClCompile Include="C:\work\BookInven\lib\opencv_contrib\modules\rgbd\src\normal.cpp">
      <Filter>Src</Filter>
    </ClCompile>
    <ClCompile Include="C:\work\BookInven\lib\opencv_contrib\modules\rgbd\src\odometry.cpp">
      <Filter>Src</Filter>
    </ClCompile>
    <ClCompile Include="C:\work\BookInven\lib\opencv_contrib\modules\rgbd\src\plane.cpp">
      <Filter>Src</Filter>
    </ClCompile>
    <ClCompile Include="C:\work\BookInven\lib\opencv_contrib\modules\rgbd\src\tsdf.cpp">
      <Filter>Src</Filter>
    </ClCompile>
    <ClCompile Include="C:\work\BookInven\lib\opencv_contrib\modules\rgbd\src\utils.cpp">
      <Filter>Src</Filter>
    </ClCompile>
    <ClCompile Include="C:\work\BookInven\lib\opencv_mybuild\modules\rgbd\opencl_kernels_rgbd.cpp">
      <Filter>Src\opencl\kernels\autogenerated</Filter>
    </ClCompile>
    <ClCompile Include="C:\work\BookInven\lib\opencv_mybuild\modules\rgbd\opencv_rgbd_pch.cpp">
      <Filter>Src</Filter>
    </ClCompile>
  </ItemGroup>
  <ItemGroup>
    <ClInclude Include="C:\work\BookInven\lib\opencv_contrib\modules\rgbd\include\opencv2\rgbd.hpp">
      <Filter>Include\opencv2</Filter>
    </ClInclude>
    <ClInclude Include="C:\work\BookInven\lib\opencv_contrib\modules\rgbd\include\opencv2\rgbd\depth.hpp">
      <Filter>Include\opencv2\rgbd</Filter>
    </ClInclude>
    <ClInclude Include="C:\work\BookInven\lib\opencv_contrib\modules\rgbd\include\opencv2\rgbd\kinfu.hpp">
      <Filter>Include\opencv2\rgbd</Filter>
    </ClInclude>
    <ClInclude Include="C:\work\BookInven\lib\opencv_contrib\modules\rgbd\include\opencv2\rgbd\linemod.hpp">
      <Filter>Include\opencv2\rgbd</Filter>
    </ClInclude>
    <ClInclude Include="C:\work\BookInven\lib\opencv_mybuild\modules\rgbd\opencl_kernels_rgbd.hpp">
      <Filter>Src\opencl\kernels\autogenerated</Filter>
    </ClInclude>
    <ClInclude Include="C:\work\BookInven\lib\opencv_contrib\modules\rgbd\src\depth_to_3d.hpp">
      <Filter>Src</Filter>
    </ClInclude>
    <ClInclude Include="C:\work\BookInven\lib\opencv_contrib\modules\rgbd\src\fast_icp.hpp">
      <Filter>Src</Filter>
    </ClInclude>
    <ClInclude Include="C:\work\BookInven\lib\opencv_contrib\modules\rgbd\src\kinfu_frame.hpp">
      <Filter>Src</Filter>
    </ClInclude>
    <ClInclude Include="C:\work\BookInven\lib\opencv_contrib\modules\rgbd\src\precomp.hpp">
      <Filter>Src</Filter>
    </ClInclude>
    <ClInclude Include="C:\work\BookInven\lib\opencv_contrib\modules\rgbd\src\tsdf.hpp">
      <Filter>Src</Filter>
    </ClInclude>
    <ClInclude Include="C:\work\BookInven\lib\opencv_contrib\modules\rgbd\src\utils.hpp">
      <Filter>Src</Filter>
    </ClInclude>
    <ClInclude Include="C:\work\BookInven\lib\opencv_mybuild\cvconfig.h">
      <Filter>Include</Filter>
    </ClInclude>
    <ClInclude Include="C:\work\BookInven\lib\opencv_mybuild\opencv2\opencv_modules.hpp">
      <Filter>Include</Filter>
    </ClInclude>
  </ItemGroup>
  <ItemGroup>
    <CustomBuild Include="C:\work\BookInven\lib\opencv_mybuild\CMakeFiles\69a6cd37d9aea70a0b7a0f0ce4525169\opencl_kernels_rgbd.cpp.rule">
      <Filter>CMake Rules</Filter>
    </CustomBuild>
    <CustomBuild Include="C:\work\BookInven\lib\opencv_contrib\modules\rgbd\CMakeLists.txt" />
  </ItemGroup>
  <ItemGroup>
    <None Include="C:\work\BookInven\lib\opencv_contrib\modules\rgbd\src\opencl\icp.cl">
      <Filter>Src\opencl\kernels</Filter>
    </None>
    <None Include="C:\work\BookInven\lib\opencv_contrib\modules\rgbd\src\opencl\kinfu_frame.cl">
      <Filter>Src\opencl\kernels</Filter>
    </None>
    <None Include="C:\work\BookInven\lib\opencv_contrib\modules\rgbd\src\opencl\tsdf.cl">
      <Filter>Src\opencl\kernels</Filter>
    </None>
  </ItemGroup>
  <ItemGroup>
    <Filter Include="CMake Rules">
      <UniqueIdentifier>{D0AC041A-396E-315E-9EAF-6DBEF40FA22F}</UniqueIdentifier>
    </Filter>
    <Filter Include="Include">
      <UniqueIdentifier>{854D7D7F-04C7-3C19-8B92-39EC03CF29DD}</UniqueIdentifier>
    </Filter>
    <Filter Include="Include\opencv2">
      <UniqueIdentifier>{D169A01F-1A0E-380B-813B-864C91F6B259}</UniqueIdentifier>
    </Filter>
    <Filter Include="Include\opencv2\rgbd">
      <UniqueIdentifier>{EB0BA81F-CBBC-39F8-8CBD-03F97D6CCC43}</UniqueIdentifier>
    </Filter>
    <Filter Include="Src">
      <UniqueIdentifier>{3E81CF47-BFC6-3B85-BDCB-2F92B0B97BC6}</UniqueIdentifier>
    </Filter>
    <Filter Include="Src\opencl">
      <UniqueIdentifier>{1A0BB520-2577-3981-9277-632C0C1B2620}</UniqueIdentifier>
    </Filter>
    <Filter Include="Src\opencl\kernels">
      <UniqueIdentifier>{871D8551-4DC3-3EC5-8F77-3958E0B73FFD}</UniqueIdentifier>
    </Filter>
    <Filter Include="Src\opencl\kernels\autogenerated">
      <UniqueIdentifier>{1DABC61F-6552-375B-A6F3-62773539BE70}</UniqueIdentifier>
    </Filter>
  </ItemGroup>
</Project>
