<?xml version="1.0" encoding="utf-8"?>
<Project ToolsVersion="15.0" xmlns="http://schemas.microsoft.com/developer/msbuild/2003">
  <ItemGroup>
    <ClCompile Include="C:\Users\박주홍\Desktop\BookInven\lib\curl\lib\mprintf.c">
      <Filter>Source Files</Filter>
    </ClCompile>
    <ClCompile Include="C:\Users\박주홍\Desktop\BookInven\lib\curl\lib\nonblock.c">
      <Filter>Source Files</Filter>
    </ClCompile>
    <ClCompile Include="C:\Users\박주홍\Desktop\BookInven\lib\curl\lib\strtoofft.c">
      <Filter>Source Files</Filter>
    </ClCompile>
    <ClCompile Include="C:\Users\박주홍\Desktop\BookInven\lib\curl\lib\warnless.c">
      <Filter>Source Files</Filter>
    </ClCompile>
    <ClCompile Include="C:\Users\박주홍\Desktop\BookInven\lib\curl\lib\curl_ctype.c">
      <Filter>Source Files</Filter>
    </ClCompile>
    <ClCompile Include="C:\Users\박주홍\Desktop\BookInven\lib\curl\tests\server\getpart.c">
      <Filter>Source Files</Filter>
    </ClCompile>
    <ClCompile Include="C:\Users\박주홍\Desktop\BookInven\lib\curl\lib\base64.c">
      <Filter>Source Files</Filter>
    </ClCompile>
    <ClCompile Include="C:\Users\박주홍\Desktop\BookInven\lib\curl\lib\memdebug.c">
      <Filter>Source Files</Filter>
    </ClCompile>
    <ClCompile Include="C:\Users\박주홍\Desktop\BookInven\lib\curl\tests\server\util.c">
      <Filter>Source Files</Filter>
    </ClCompile>
    <ClCompile Include="C:\Users\박주홍\Desktop\BookInven\lib\curl\tests\server\sws.c">
      <Filter>Source Files</Filter>
    </ClCompile>
    <ClCompile Include="C:\Users\박주홍\Desktop\BookInven\lib\curl\lib\inet_pton.c">
      <Filter>Source Files</Filter>
    </ClCompile>
  </ItemGroup>
  <ItemGroup>
    <ClInclude Include="C:\Users\박주홍\Desktop\BookInven\lib\curl\lib\curlx.h">
      <Filter>Header Files</Filter>
    </ClInclude>
    <ClInclude Include="C:\Users\박주홍\Desktop\BookInven\lib\curl\lib\nonblock.h">
      <Filter>Header Files</Filter>
    </ClInclude>
    <ClInclude Include="C:\Users\박주홍\Desktop\BookInven\lib\curl\lib\strtoofft.h">
      <Filter>Header Files</Filter>
    </ClInclude>
    <ClInclude Include="C:\Users\박주홍\Desktop\BookInven\lib\curl\lib\warnless.h">
      <Filter>Header Files</Filter>
    </ClInclude>
    <ClInclude Include="C:\Users\박주홍\Desktop\BookInven\lib\curl\lib\curl_ctype.h">
      <Filter>Header Files</Filter>
    </ClInclude>
    <ClInclude Include="C:\Users\박주홍\Desktop\BookInven\lib\curl\tests\server\getpart.h">
      <Filter>Header Files</Filter>
    </ClInclude>
    <ClInclude Include="C:\Users\박주홍\Desktop\BookInven\lib\curl\tests\server\server_setup.h">
      <Filter>Header Files</Filter>
    </ClInclude>
    <ClInclude Include="C:\Users\박주홍\Desktop\BookInven\lib\curl\lib\curl_base64.h">
      <Filter>Header Files</Filter>
    </ClInclude>
    <ClInclude Include="C:\Users\박주홍\Desktop\BookInven\lib\curl\lib\memdebug.h">
      <Filter>Header Files</Filter>
    </ClInclude>
    <ClInclude Include="C:\Users\박주홍\Desktop\BookInven\lib\curl\tests\server\util.h">
      <Filter>Header Files</Filter>
    </ClInclude>
    <ClInclude Include="C:\Users\박주홍\Desktop\BookInven\lib\curl\tests\server\server_sockaddr.h">
      <Filter>Header Files</Filter>
    </ClInclude>
  </ItemGroup>
  <ItemGroup>
    <CustomBuild Include="C:\Users\박주홍\Desktop\BookInven\lib\curl\tests\server\CMakeLists.txt" />
  </ItemGroup>
  <ItemGroup>
    <Filter Include="Header Files">
      <UniqueIdentifier>{A72A5417-1D8F-3BB6-BA36-CA9651BE226D}</UniqueIdentifier>
    </Filter>
    <Filter Include="Source Files">
      <UniqueIdentifier>{74937564-A497-32BB-BC6B-DDF7685E75B7}</UniqueIdentifier>
    </Filter>
  </ItemGroup>
</Project>
