<?xml version="1.0" encoding="utf-8"?>
<Project ToolsVersion="15.0" xmlns="http://schemas.microsoft.com/developer/msbuild/2003">
  <ItemGroup>
    <CustomBuild Include="C:\work\BookInven\lib\opencv_mybuild\CMakeFiles\8aa89583b8aa3d52337fac0404ba5f91\pyopencv_generated_include.h.rule">
      <Filter>CMake Rules</Filter>
    </CustomBuild>
    <CustomBuild Include="C:\work\BookInven\lib\opencv_mybuild\CMakeFiles\4c1ad8052dc4c8a6d822f95bc083ca42\gen_opencv_python_source.rule">
      <Filter>CMake Rules</Filter>
    </CustomBuild>
    <CustomBuild Include="C:\work\BookInven\lib\opencv\modules\python\bindings\CMakeLists.txt" />
  </ItemGroup>
  <ItemGroup>
    <None Include="C:\work\BookInven\lib\opencv_mybuild\modules\python_bindings_generator\CMakeFiles\gen_opencv_python_source" />
  </ItemGroup>
  <ItemGroup>
    <Filter Include="CMake Rules">
      <UniqueIdentifier>{D0AC041A-396E-315E-9EAF-6DBEF40FA22F}</UniqueIdentifier>
    </Filter>
  </ItemGroup>
</Project>
