<?xml version="1.0" encoding="utf-8"?>
<Project ToolsVersion="15.0" xmlns="http://schemas.microsoft.com/developer/msbuild/2003">
  <ItemGroup>
    <ClCompile Include="C:\work\BookInven\lib\opencv\modules\gapi\test\common\gapi_compoundkernel_tests.cpp">
      <Filter>Src\common</Filter>
    </ClCompile>
    <ClCompile Include="C:\work\BookInven\lib\opencv\modules\gapi\test\common\gapi_core_tests.cpp">
      <Filter>Src\common</Filter>
    </ClCompile>
    <ClCompile Include="C:\work\BookInven\lib\opencv\modules\gapi\test\common\gapi_imgproc_tests.cpp">
      <Filter>Src\common</Filter>
    </ClCompile>
    <ClCompile Include="C:\work\BookInven\lib\opencv\modules\gapi\test\common\gapi_operators_tests.cpp">
      <Filter>Src\common</Filter>
    </ClCompile>
    <ClCompile Include="C:\work\BookInven\lib\opencv\modules\gapi\test\cpu\gapi_core_tests_cpu.cpp">
      <Filter>Src\cpu</Filter>
    </ClCompile>
    <ClCompile Include="C:\work\BookInven\lib\opencv\modules\gapi\test\cpu\gapi_core_tests_fluid.cpp">
      <Filter>Src\cpu</Filter>
    </ClCompile>
    <ClCompile Include="C:\work\BookInven\lib\opencv\modules\gapi\test\cpu\gapi_imgproc_tests_cpu.cpp">
      <Filter>Src\cpu</Filter>
    </ClCompile>
    <ClCompile Include="C:\work\BookInven\lib\opencv\modules\gapi\test\cpu\gapi_imgproc_tests_fluid.cpp">
      <Filter>Src\cpu</Filter>
    </ClCompile>
    <ClCompile Include="C:\work\BookInven\lib\opencv\modules\gapi\test\cpu\gapi_operators_tests_cpu.cpp">
      <Filter>Src\cpu</Filter>
    </ClCompile>
    <ClCompile Include="C:\work\BookInven\lib\opencv\modules\gapi\test\cpu\gapi_operators_tests_fluid.cpp">
      <Filter>Src\cpu</Filter>
    </ClCompile>
    <ClCompile Include="C:\work\BookInven\lib\opencv\modules\gapi\test\gapi_array_tests.cpp">
      <Filter>Src</Filter>
    </ClCompile>
    <ClCompile Include="C:\work\BookInven\lib\opencv\modules\gapi\test\gapi_basic_hetero_tests.cpp">
      <Filter>Src</Filter>
    </ClCompile>
    <ClCompile Include="C:\work\BookInven\lib\opencv\modules\gapi\test\gapi_desc_tests.cpp">
      <Filter>Src</Filter>
    </ClCompile>
    <ClCompile Include="C:\work\BookInven\lib\opencv\modules\gapi\test\gapi_fluid_resize_test.cpp">
      <Filter>Src</Filter>
    </ClCompile>
    <ClCompile Include="C:\work\BookInven\lib\opencv\modules\gapi\test\gapi_fluid_roi_test.cpp">
      <Filter>Src</Filter>
    </ClCompile>
    <ClCompile Include="C:\work\BookInven\lib\opencv\modules\gapi\test\gapi_fluid_test.cpp">
      <Filter>Src</Filter>
    </ClCompile>
    <ClCompile Include="C:\work\BookInven\lib\opencv\modules\gapi\test\gapi_fluid_test_kernels.cpp">
      <Filter>Src</Filter>
    </ClCompile>
    <ClCompile Include="C:\work\BookInven\lib\opencv\modules\gapi\test\gapi_gcompiled_tests.cpp">
      <Filter>Src</Filter>
    </ClCompile>
    <ClCompile Include="C:\work\BookInven\lib\opencv\modules\gapi\test\gapi_gcomputation_tests.cpp">
      <Filter>Src</Filter>
    </ClCompile>
    <ClCompile Include="C:\work\BookInven\lib\opencv\modules\gapi\test\gapi_kernel_tests.cpp">
      <Filter>Src</Filter>
    </ClCompile>
    <ClCompile Include="C:\work\BookInven\lib\opencv\modules\gapi\test\gapi_sample_pipelines.cpp">
      <Filter>Src</Filter>
    </ClCompile>
    <ClCompile Include="C:\work\BookInven\lib\opencv\modules\gapi\test\gapi_scalar_tests.cpp">
      <Filter>Src</Filter>
    </ClCompile>
    <ClCompile Include="C:\work\BookInven\lib\opencv\modules\gapi\test\gapi_smoke_test.cpp">
      <Filter>Src</Filter>
    </ClCompile>
    <ClCompile Include="C:\work\BookInven\lib\opencv\modules\gapi\test\gapi_typed_tests.cpp">
      <Filter>Src</Filter>
    </ClCompile>
    <ClCompile Include="C:\work\BookInven\lib\opencv\modules\gapi\test\gapi_util_tests.cpp">
      <Filter>Src</Filter>
    </ClCompile>
    <ClCompile Include="C:\work\BookInven\lib\opencv\modules\gapi\test\gpu\gapi_core_tests_gpu.cpp">
      <Filter>Src\gpu</Filter>
    </ClCompile>
    <ClCompile Include="C:\work\BookInven\lib\opencv\modules\gapi\test\gpu\gapi_imgproc_tests_gpu.cpp">
      <Filter>Src\gpu</Filter>
    </ClCompile>
    <ClCompile Include="C:\work\BookInven\lib\opencv\modules\gapi\test\gpu\gapi_operators_tests_gpu.cpp">
      <Filter>Src\gpu</Filter>
    </ClCompile>
    <ClCompile Include="C:\work\BookInven\lib\opencv\modules\gapi\test\internal\gapi_int_backend_tests.cpp">
      <Filter>Src\internal</Filter>
    </ClCompile>
    <ClCompile Include="C:\work\BookInven\lib\opencv\modules\gapi\test\internal\gapi_int_executor_tests.cpp">
      <Filter>Src\internal</Filter>
    </ClCompile>
    <ClCompile Include="C:\work\BookInven\lib\opencv\modules\gapi\test\internal\gapi_int_garg_test.cpp">
      <Filter>Src\internal</Filter>
    </ClCompile>
    <ClCompile Include="C:\work\BookInven\lib\opencv\modules\gapi\test\internal\gapi_int_gmetaarg_test.cpp">
      <Filter>Src\internal</Filter>
    </ClCompile>
    <ClCompile Include="C:\work\BookInven\lib\opencv\modules\gapi\test\internal\gapi_int_gmodel_builder_test.cpp">
      <Filter>Src\internal</Filter>
    </ClCompile>
    <ClCompile Include="C:\work\BookInven\lib\opencv\modules\gapi\test\internal\gapi_int_island_fusion_tests.cpp">
      <Filter>Src\internal</Filter>
    </ClCompile>
    <ClCompile Include="C:\work\BookInven\lib\opencv\modules\gapi\test\internal\gapi_int_island_tests.cpp">
      <Filter>Src\internal</Filter>
    </ClCompile>
    <ClCompile Include="C:\work\BookInven\lib\opencv\modules\gapi\test\internal\gapi_int_recompilation_test.cpp">
      <Filter>Src\internal</Filter>
    </ClCompile>
    <ClCompile Include="C:\work\BookInven\lib\opencv\modules\gapi\test\internal\gapi_int_resolve_kernel_test.cpp">
      <Filter>Src\internal</Filter>
    </ClCompile>
    <ClCompile Include="C:\work\BookInven\lib\opencv\modules\gapi\test\internal\gapi_int_vectorref_test.cpp">
      <Filter>Src\internal</Filter>
    </ClCompile>
    <ClCompile Include="C:\work\BookInven\lib\opencv\modules\gapi\test\internal\gapi_transactions_test.cpp">
      <Filter>Src\internal</Filter>
    </ClCompile>
    <ClCompile Include="C:\work\BookInven\lib\opencv\modules\gapi\test\own\gapi_types_tests.cpp">
      <Filter>Src\own</Filter>
    </ClCompile>
    <ClCompile Include="C:\work\BookInven\lib\opencv\modules\gapi\test\own\mat_tests.cpp">
      <Filter>Src\own</Filter>
    </ClCompile>
    <ClCompile Include="C:\work\BookInven\lib\opencv\modules\gapi\test\own\scalar_tests.cpp">
      <Filter>Src\own</Filter>
    </ClCompile>
    <ClCompile Include="C:\work\BookInven\lib\opencv\modules\gapi\test\test_main.cpp">
      <Filter>Src</Filter>
    </ClCompile>
    <ClCompile Include="C:\work\BookInven\lib\opencv\modules\gapi\test\util\any_tests.cpp">
      <Filter>Src\util</Filter>
    </ClCompile>
    <ClCompile Include="C:\work\BookInven\lib\opencv\modules\gapi\test\util\optional_tests.cpp">
      <Filter>Src\util</Filter>
    </ClCompile>
    <ClCompile Include="C:\work\BookInven\lib\opencv\modules\gapi\test\util\variant_tests.cpp">
      <Filter>Src\util</Filter>
    </ClCompile>
    <ClCompile Include="C:\work\BookInven\lib\opencv_mybuild\modules\gapi\opencv_test_gapi_pch.cpp">
      <Filter>Src</Filter>
    </ClCompile>
  </ItemGroup>
  <ItemGroup>
    <ClInclude Include="C:\work\BookInven\lib\opencv\modules\gapi\test\common\gapi_core_tests.hpp">
      <Filter>Include\common</Filter>
    </ClInclude>
    <ClInclude Include="C:\work\BookInven\lib\opencv\modules\gapi\test\common\gapi_core_tests_inl.hpp">
      <Filter>Include\common</Filter>
    </ClInclude>
    <ClInclude Include="C:\work\BookInven\lib\opencv\modules\gapi\test\common\gapi_imgproc_tests.hpp">
      <Filter>Include\common</Filter>
    </ClInclude>
    <ClInclude Include="C:\work\BookInven\lib\opencv\modules\gapi\test\common\gapi_imgproc_tests_inl.hpp">
      <Filter>Include\common</Filter>
    </ClInclude>
    <ClInclude Include="C:\work\BookInven\lib\opencv\modules\gapi\test\common\gapi_operators_tests.hpp">
      <Filter>Include\common</Filter>
    </ClInclude>
    <ClInclude Include="C:\work\BookInven\lib\opencv\modules\gapi\test\common\gapi_operators_tests_inl.hpp">
      <Filter>Include\common</Filter>
    </ClInclude>
    <ClInclude Include="C:\work\BookInven\lib\opencv\modules\gapi\test\common\gapi_tests_common.hpp">
      <Filter>Include\common</Filter>
    </ClInclude>
    <ClInclude Include="C:\work\BookInven\lib\opencv\modules\gapi\test\gapi_fluid_test_kernels.hpp">
      <Filter>Include</Filter>
    </ClInclude>
    <ClInclude Include="C:\work\BookInven\lib\opencv\modules\gapi\test\gapi_mock_kernels.hpp">
      <Filter>Include</Filter>
    </ClInclude>
    <ClInclude Include="C:\work\BookInven\lib\opencv\modules\gapi\test\test_precomp.hpp">
      <Filter>Include</Filter>
    </ClInclude>
  </ItemGroup>
  <ItemGroup>
    <Filter Include="Include">
      <UniqueIdentifier>{854D7D7F-04C7-3C19-8B92-39EC03CF29DD}</UniqueIdentifier>
    </Filter>
    <Filter Include="Include\common">
      <UniqueIdentifier>{287D9116-C4C4-30EA-9D88-D645A9A693A9}</UniqueIdentifier>
    </Filter>
    <Filter Include="Src">
      <UniqueIdentifier>{3E81CF47-BFC6-3B85-BDCB-2F92B0B97BC6}</UniqueIdentifier>
    </Filter>
    <Filter Include="Src\common">
      <UniqueIdentifier>{CB0A5B42-B5AD-3566-BAE1-BDBE7F1ECFF3}</UniqueIdentifier>
    </Filter>
    <Filter Include="Src\cpu">
      <UniqueIdentifier>{449A5B98-2870-3BDC-B8A0-8A8201A81622}</UniqueIdentifier>
    </Filter>
    <Filter Include="Src\gpu">
      <UniqueIdentifier>{237375AB-0289-3B34-A7B2-7A0C97FDD8AF}</UniqueIdentifier>
    </Filter>
    <Filter Include="Src\internal">
      <UniqueIdentifier>{07CA7669-4804-372E-B8EE-61B9E7ED1C79}</UniqueIdentifier>
    </Filter>
    <Filter Include="Src\own">
      <UniqueIdentifier>{80FA7D3E-58A1-38E7-AD3E-0715CC406804}</UniqueIdentifier>
    </Filter>
    <Filter Include="Src\util">
      <UniqueIdentifier>{682DDA00-2DAE-3C6E-8E47-39BAC5D5D8E6}</UniqueIdentifier>
    </Filter>
  </ItemGroup>
</Project>
