<?xml version="1.0" encoding="utf-8"?>
<Project ToolsVersion="15.0" xmlns="http://schemas.microsoft.com/developer/msbuild/2003">
  <ItemGroup>
    <ClCompile Include="C:\work\BookInven\lib\opencv_contrib\modules\datasets\src\ar_hmdb.cpp">
      <Filter>Src</Filter>
    </ClCompile>
    <ClCompile Include="C:\work\BookInven\lib\opencv_contrib\modules\datasets\src\ar_sports.cpp">
      <Filter>Src</Filter>
    </ClCompile>
    <ClCompile Include="C:\work\BookInven\lib\opencv_contrib\modules\datasets\src\dataset.cpp">
      <Filter>Src</Filter>
    </ClCompile>
    <ClCompile Include="C:\work\BookInven\lib\opencv_contrib\modules\datasets\src\fr_adience.cpp">
      <Filter>Src</Filter>
    </ClCompile>
    <ClCompile Include="C:\work\BookInven\lib\opencv_contrib\modules\datasets\src\fr_lfw.cpp">
      <Filter>Src</Filter>
    </ClCompile>
    <ClCompile Include="C:\work\BookInven\lib\opencv_contrib\modules\datasets\src\gr_chalearn.cpp">
      <Filter>Src</Filter>
    </ClCompile>
    <ClCompile Include="C:\work\BookInven\lib\opencv_contrib\modules\datasets\src\gr_skig.cpp">
      <Filter>Src</Filter>
    </ClCompile>
    <ClCompile Include="C:\work\BookInven\lib\opencv_contrib\modules\datasets\src\hpe_humaneva.cpp">
      <Filter>Src</Filter>
    </ClCompile>
    <ClCompile Include="C:\work\BookInven\lib\opencv_contrib\modules\datasets\src\hpe_parse.cpp">
      <Filter>Src</Filter>
    </ClCompile>
    <ClCompile Include="C:\work\BookInven\lib\opencv_contrib\modules\datasets\src\ir_affine.cpp">
      <Filter>Src</Filter>
    </ClCompile>
    <ClCompile Include="C:\work\BookInven\lib\opencv_contrib\modules\datasets\src\ir_robot.cpp">
      <Filter>Src</Filter>
    </ClCompile>
    <ClCompile Include="C:\work\BookInven\lib\opencv_contrib\modules\datasets\src\is_bsds.cpp">
      <Filter>Src</Filter>
    </ClCompile>
    <ClCompile Include="C:\work\BookInven\lib\opencv_contrib\modules\datasets\src\is_weizmann.cpp">
      <Filter>Src</Filter>
    </ClCompile>
    <ClCompile Include="C:\work\BookInven\lib\opencv_contrib\modules\datasets\src\msm_epfl.cpp">
      <Filter>Src</Filter>
    </ClCompile>
    <ClCompile Include="C:\work\BookInven\lib\opencv_contrib\modules\datasets\src\msm_middlebury.cpp">
      <Filter>Src</Filter>
    </ClCompile>
    <ClCompile Include="C:\work\BookInven\lib\opencv_contrib\modules\datasets\src\or_imagenet.cpp">
      <Filter>Src</Filter>
    </ClCompile>
    <ClCompile Include="C:\work\BookInven\lib\opencv_contrib\modules\datasets\src\or_mnist.cpp">
      <Filter>Src</Filter>
    </ClCompile>
    <ClCompile Include="C:\work\BookInven\lib\opencv_contrib\modules\datasets\src\or_pascal.cpp">
      <Filter>Src</Filter>
    </ClCompile>
    <ClCompile Include="C:\work\BookInven\lib\opencv_contrib\modules\datasets\src\or_sun.cpp">
      <Filter>Src</Filter>
    </ClCompile>
    <ClCompile Include="C:\work\BookInven\lib\opencv_contrib\modules\datasets\src\pd_caltech.cpp">
      <Filter>Src</Filter>
    </ClCompile>
    <ClCompile Include="C:\work\BookInven\lib\opencv_contrib\modules\datasets\src\pd_inria.cpp">
      <Filter>Src</Filter>
    </ClCompile>
    <ClCompile Include="C:\work\BookInven\lib\opencv_contrib\modules\datasets\src\slam_kitti.cpp">
      <Filter>Src</Filter>
    </ClCompile>
    <ClCompile Include="C:\work\BookInven\lib\opencv_contrib\modules\datasets\src\slam_tumindoor.cpp">
      <Filter>Src</Filter>
    </ClCompile>
    <ClCompile Include="C:\work\BookInven\lib\opencv_contrib\modules\datasets\src\tinyxml2\tinyxml2.cpp">
      <Filter>Src\tinyxml2</Filter>
    </ClCompile>
    <ClCompile Include="C:\work\BookInven\lib\opencv_contrib\modules\datasets\src\tr_chars.cpp">
      <Filter>Src</Filter>
    </ClCompile>
    <ClCompile Include="C:\work\BookInven\lib\opencv_contrib\modules\datasets\src\tr_icdar.cpp">
      <Filter>Src</Filter>
    </ClCompile>
    <ClCompile Include="C:\work\BookInven\lib\opencv_contrib\modules\datasets\src\tr_svt.cpp">
      <Filter>Src</Filter>
    </ClCompile>
    <ClCompile Include="C:\work\BookInven\lib\opencv_contrib\modules\datasets\src\track_alov.cpp">
      <Filter>Src</Filter>
    </ClCompile>
    <ClCompile Include="C:\work\BookInven\lib\opencv_contrib\modules\datasets\src\track_vot.cpp">
      <Filter>Src</Filter>
    </ClCompile>
    <ClCompile Include="C:\work\BookInven\lib\opencv_contrib\modules\datasets\src\util.cpp">
      <Filter>Src</Filter>
    </ClCompile>
  </ItemGroup>
  <ItemGroup>
    <ClInclude Include="C:\work\BookInven\lib\opencv_contrib\modules\datasets\include\opencv2\datasets\ar_hmdb.hpp">
      <Filter>Include\opencv2\datasets</Filter>
    </ClInclude>
    <ClInclude Include="C:\work\BookInven\lib\opencv_contrib\modules\datasets\include\opencv2\datasets\ar_sports.hpp">
      <Filter>Include\opencv2\datasets</Filter>
    </ClInclude>
    <ClInclude Include="C:\work\BookInven\lib\opencv_contrib\modules\datasets\include\opencv2\datasets\dataset.hpp">
      <Filter>Include\opencv2\datasets</Filter>
    </ClInclude>
    <ClInclude Include="C:\work\BookInven\lib\opencv_contrib\modules\datasets\include\opencv2\datasets\fr_adience.hpp">
      <Filter>Include\opencv2\datasets</Filter>
    </ClInclude>
    <ClInclude Include="C:\work\BookInven\lib\opencv_contrib\modules\datasets\include\opencv2\datasets\fr_lfw.hpp">
      <Filter>Include\opencv2\datasets</Filter>
    </ClInclude>
    <ClInclude Include="C:\work\BookInven\lib\opencv_contrib\modules\datasets\include\opencv2\datasets\gr_chalearn.hpp">
      <Filter>Include\opencv2\datasets</Filter>
    </ClInclude>
    <ClInclude Include="C:\work\BookInven\lib\opencv_contrib\modules\datasets\include\opencv2\datasets\gr_skig.hpp">
      <Filter>Include\opencv2\datasets</Filter>
    </ClInclude>
    <ClInclude Include="C:\work\BookInven\lib\opencv_contrib\modules\datasets\include\opencv2\datasets\hpe_humaneva.hpp">
      <Filter>Include\opencv2\datasets</Filter>
    </ClInclude>
    <ClInclude Include="C:\work\BookInven\lib\opencv_contrib\modules\datasets\include\opencv2\datasets\hpe_parse.hpp">
      <Filter>Include\opencv2\datasets</Filter>
    </ClInclude>
    <ClInclude Include="C:\work\BookInven\lib\opencv_contrib\modules\datasets\include\opencv2\datasets\ir_affine.hpp">
      <Filter>Include\opencv2\datasets</Filter>
    </ClInclude>
    <ClInclude Include="C:\work\BookInven\lib\opencv_contrib\modules\datasets\include\opencv2\datasets\ir_robot.hpp">
      <Filter>Include\opencv2\datasets</Filter>
    </ClInclude>
    <ClInclude Include="C:\work\BookInven\lib\opencv_contrib\modules\datasets\include\opencv2\datasets\is_bsds.hpp">
      <Filter>Include\opencv2\datasets</Filter>
    </ClInclude>
    <ClInclude Include="C:\work\BookInven\lib\opencv_contrib\modules\datasets\include\opencv2\datasets\is_weizmann.hpp">
      <Filter>Include\opencv2\datasets</Filter>
    </ClInclude>
    <ClInclude Include="C:\work\BookInven\lib\opencv_contrib\modules\datasets\include\opencv2\datasets\msm_epfl.hpp">
      <Filter>Include\opencv2\datasets</Filter>
    </ClInclude>
    <ClInclude Include="C:\work\BookInven\lib\opencv_contrib\modules\datasets\include\opencv2\datasets\msm_middlebury.hpp">
      <Filter>Include\opencv2\datasets</Filter>
    </ClInclude>
    <ClInclude Include="C:\work\BookInven\lib\opencv_contrib\modules\datasets\include\opencv2\datasets\or_imagenet.hpp">
      <Filter>Include\opencv2\datasets</Filter>
    </ClInclude>
    <ClInclude Include="C:\work\BookInven\lib\opencv_contrib\modules\datasets\include\opencv2\datasets\or_mnist.hpp">
      <Filter>Include\opencv2\datasets</Filter>
    </ClInclude>
    <ClInclude Include="C:\work\BookInven\lib\opencv_contrib\modules\datasets\include\opencv2\datasets\or_pascal.hpp">
      <Filter>Include\opencv2\datasets</Filter>
    </ClInclude>
    <ClInclude Include="C:\work\BookInven\lib\opencv_contrib\modules\datasets\include\opencv2\datasets\or_sun.hpp">
      <Filter>Include\opencv2\datasets</Filter>
    </ClInclude>
    <ClInclude Include="C:\work\BookInven\lib\opencv_contrib\modules\datasets\include\opencv2\datasets\pd_caltech.hpp">
      <Filter>Include\opencv2\datasets</Filter>
    </ClInclude>
    <ClInclude Include="C:\work\BookInven\lib\opencv_contrib\modules\datasets\include\opencv2\datasets\pd_inria.hpp">
      <Filter>Include\opencv2\datasets</Filter>
    </ClInclude>
    <ClInclude Include="C:\work\BookInven\lib\opencv_contrib\modules\datasets\include\opencv2\datasets\slam_kitti.hpp">
      <Filter>Include\opencv2\datasets</Filter>
    </ClInclude>
    <ClInclude Include="C:\work\BookInven\lib\opencv_contrib\modules\datasets\include\opencv2\datasets\slam_tumindoor.hpp">
      <Filter>Include\opencv2\datasets</Filter>
    </ClInclude>
    <ClInclude Include="C:\work\BookInven\lib\opencv_contrib\modules\datasets\include\opencv2\datasets\tr_chars.hpp">
      <Filter>Include\opencv2\datasets</Filter>
    </ClInclude>
    <ClInclude Include="C:\work\BookInven\lib\opencv_contrib\modules\datasets\include\opencv2\datasets\tr_icdar.hpp">
      <Filter>Include\opencv2\datasets</Filter>
    </ClInclude>
    <ClInclude Include="C:\work\BookInven\lib\opencv_contrib\modules\datasets\include\opencv2\datasets\tr_svt.hpp">
      <Filter>Include\opencv2\datasets</Filter>
    </ClInclude>
    <ClInclude Include="C:\work\BookInven\lib\opencv_contrib\modules\datasets\include\opencv2\datasets\track_alov.hpp">
      <Filter>Include\opencv2\datasets</Filter>
    </ClInclude>
    <ClInclude Include="C:\work\BookInven\lib\opencv_contrib\modules\datasets\include\opencv2\datasets\track_vot.hpp">
      <Filter>Include\opencv2\datasets</Filter>
    </ClInclude>
    <ClInclude Include="C:\work\BookInven\lib\opencv_contrib\modules\datasets\include\opencv2\datasets\util.hpp">
      <Filter>Include\opencv2\datasets</Filter>
    </ClInclude>
    <ClInclude Include="C:\work\BookInven\lib\opencv_contrib\modules\datasets\src\tinyxml2\tinyxml2.h">
      <Filter>Src\tinyxml2</Filter>
    </ClInclude>
    <ClInclude Include="C:\work\BookInven\lib\opencv_mybuild\cvconfig.h">
      <Filter>Include</Filter>
    </ClInclude>
    <ClInclude Include="C:\work\BookInven\lib\opencv_mybuild\opencv2\opencv_modules.hpp">
      <Filter>Include</Filter>
    </ClInclude>
  </ItemGroup>
  <ItemGroup>
    <CustomBuild Include="C:\work\BookInven\lib\opencv_contrib\modules\datasets\CMakeLists.txt" />
  </ItemGroup>
  <ItemGroup>
    <Filter Include="Include">
      <UniqueIdentifier>{854D7D7F-04C7-3C19-8B92-39EC03CF29DD}</UniqueIdentifier>
    </Filter>
    <Filter Include="Include\opencv2">
      <UniqueIdentifier>{D169A01F-1A0E-380B-813B-864C91F6B259}</UniqueIdentifier>
    </Filter>
    <Filter Include="Include\opencv2\datasets">
      <UniqueIdentifier>{5A2D73E3-CFBC-388F-BB1F-48D8D8839B46}</UniqueIdentifier>
    </Filter>
    <Filter Include="Src">
      <UniqueIdentifier>{3E81CF47-BFC6-3B85-BDCB-2F92B0B97BC6}</UniqueIdentifier>
    </Filter>
    <Filter Include="Src\tinyxml2">
      <UniqueIdentifier>{98FD0B04-1529-3C31-955A-7D9E6270191B}</UniqueIdentifier>
    </Filter>
  </ItemGroup>
</Project>
