<?xml version="1.0" encoding="utf-8"?>
<Project ToolsVersion="4.0" xmlns="http://schemas.microsoft.com/developer/msbuild/2003">
  <ItemGroup>
    <Filter Include="소스 파일">
      <UniqueIdentifier>{4FC737F1-C7A5-4376-A066-2A32D752A2FF}</UniqueIdentifier>
      <Extensions>cpp;c;cc;cxx;def;odl;idl;hpj;bat;asm;asmx</Extensions>
    </Filter>
    <Filter Include="헤더 파일">
      <UniqueIdentifier>{93995380-89BD-4b04-88EB-625FBE52EBFB}</UniqueIdentifier>
      <Extensions>h;hh;hpp;hxx;hm;inl;inc;ipp;xsd</Extensions>
    </Filter>
    <Filter Include="리소스 파일">
      <UniqueIdentifier>{67DA6AB6-F800-4c08-8B7A-83BB121AAD01}</UniqueIdentifier>
      <Extensions>rc;ico;cur;bmp;dlg;rc2;rct;bin;rgs;gif;jpg;jpeg;jpe;resx;tiff;tif;png;wav;mfcribbon-ms</Extensions>
    </Filter>
    <Filter Include="LoadBitmap">
      <UniqueIdentifier>{bdcd6361-3d6c-4052-b06a-3993fa5003c5}</UniqueIdentifier>
    </Filter>
  </ItemGroup>
  <ItemGroup>
    <ClInclude Include="BookInven.h">
      <Filter>헤더 파일</Filter>
    </ClInclude>
    <ClInclude Include="BookInvenDlg.h">
      <Filter>헤더 파일</Filter>
    </ClInclude>
    <ClInclude Include="stdafx.h">
      <Filter>헤더 파일</Filter>
    </ClInclude>
    <ClInclude Include="targetver.h">
      <Filter>헤더 파일</Filter>
    </ClInclude>
    <ClInclude Include="Resource.h">
      <Filter>헤더 파일</Filter>
    </ClInclude>
    <ClInclude Include="BookInfo.h">
      <Filter>헤더 파일</Filter>
    </ClInclude>
    <ClInclude Include="GetBookInfo.h">
      <Filter>헤더 파일</Filter>
    </ClInclude>
    <ClInclude Include="Utility.h">
      <Filter>헤더 파일</Filter>
    </ClInclude>
    <ClInclude Include="CGetBookInfoUsingUrl.h">
      <Filter>헤더 파일</Filter>
    </ClInclude>
    <ClInclude Include="CDataBase.h">
      <Filter>헤더 파일</Filter>
    </ClInclude>
    <ClInclude Include="use_opencv_lib.h">
      <Filter>헤더 파일</Filter>
    </ClInclude>
    <ClInclude Include="CImageLoadUrl.h">
      <Filter>헤더 파일</Filter>
    </ClInclude>
    <ClInclude Include="CDataBaseBookInfo.h">
      <Filter>헤더 파일</Filter>
    </ClInclude>
    <ClInclude Include="CCheckString.h">
      <Filter>헤더 파일</Filter>
    </ClInclude>
    <ClInclude Include="CDataBaseImageSave.h">
      <Filter>헤더 파일</Filter>
    </ClInclude>
    <ClInclude Include="CMyTime.h">
      <Filter>헤더 파일</Filter>
    </ClInclude>
    <ClInclude Include="CTabCtrlEx.h">
      <Filter>헤더 파일</Filter>
    </ClInclude>
    <ClInclude Include="CDlgBookManage.h">
      <Filter>헤더 파일</Filter>
    </ClInclude>
    <ClInclude Include="CDlgSaleManage.h">
      <Filter>헤더 파일</Filter>
    </ClInclude>
    <ClInclude Include="CDlgCustomManage.h">
      <Filter>헤더 파일</Filter>
    </ClInclude>
    <ClInclude Include="CDlgStoreInfo.h">
      <Filter>헤더 파일</Filter>
    </ClInclude>
    <ClInclude Include="CDrawToHDC.h">
      <Filter>헤더 파일</Filter>
    </ClInclude>
    <ClInclude Include="CDlgBookSale.h">
      <Filter>헤더 파일</Filter>
    </ClInclude>
    <ClInclude Include="CDlgBookIn.h">
      <Filter>헤더 파일</Filter>
    </ClInclude>
    <ClInclude Include="CLoadBitmap.h">
      <Filter>LoadBitmap</Filter>
    </ClInclude>
    <ClInclude Include="CBookInCandidate.h">
      <Filter>헤더 파일</Filter>
    </ClInclude>
    <ClInclude Include="ProviderInfo.h">
      <Filter>헤더 파일</Filter>
    </ClInclude>
    <ClInclude Include="CDataBaseProvider.h">
      <Filter>헤더 파일</Filter>
    </ClInclude>
    <ClInclude Include="CProviderInfoList.h">
      <Filter>헤더 파일</Filter>
    </ClInclude>
    <ClInclude Include="CDataBaseProviderDetail.h">
      <Filter>헤더 파일</Filter>
    </ClInclude>
    <ClInclude Include="CBookInList.h">
      <Filter>헤더 파일</Filter>
    </ClInclude>
    <ClInclude Include="BookInInfo.h">
      <Filter>헤더 파일</Filter>
    </ClInclude>
    <ClInclude Include="CDataBaseBookInHistory.h">
      <Filter>헤더 파일</Filter>
    </ClInclude>
    <ClInclude Include="CMyBooksList.h">
      <Filter>헤더 파일</Filter>
    </ClInclude>
    <ClInclude Include="CGetGoodsCount.h">
      <Filter>헤더 파일</Filter>
    </ClInclude>
    <ClInclude Include="CSaleBooksList.h">
      <Filter>헤더 파일</Filter>
    </ClInclude>
    <ClInclude Include="CMatToBitmap.h">
      <Filter>헤더 파일</Filter>
    </ClInclude>
    <ClInclude Include="CDataBaseBookSaleHistory.h">
      <Filter>헤더 파일</Filter>
    </ClInclude>
    <ClInclude Include="CBookSaleList.h">
      <Filter>헤더 파일</Filter>
    </ClInclude>
    <ClInclude Include="CDataBaseBookInHistoryDetail.h">
      <Filter>헤더 파일</Filter>
    </ClInclude>
    <ClInclude Include="CDataBaseCart.h">
      <Filter>헤더 파일</Filter>
    </ClInclude>
    <ClInclude Include="CCart.h">
      <Filter>헤더 파일</Filter>
    </ClInclude>
    <ClInclude Include="CDlgMemo.h">
      <Filter>헤더 파일</Filter>
    </ClInclude>
    <ClInclude Include="CBookSaleDetailList.h">
      <Filter>헤더 파일</Filter>
    </ClInclude>
    <ClInclude Include="CDlgRefundList.h">
      <Filter>헤더 파일</Filter>
    </ClInclude>
    <ClInclude Include="CDlgBookReturn.h">
      <Filter>헤더 파일</Filter>
    </ClInclude>
    <ClInclude Include="CReturn.h">
      <Filter>헤더 파일</Filter>
    </ClInclude>
    <ClInclude Include="CDataBaseReturn.h">
      <Filter>헤더 파일</Filter>
    </ClInclude>
    <ClInclude Include="CDlgReturnPrint.h">
      <Filter>헤더 파일</Filter>
    </ClInclude>
    <ClInclude Include="CWebBrowser2.h">
      <Filter>헤더 파일</Filter>
    </ClInclude>
  </ItemGroup>
  <ItemGroup>
    <ClCompile Include="BookInven.cpp">
      <Filter>소스 파일</Filter>
    </ClCompile>
    <ClCompile Include="BookInvenDlg.cpp">
      <Filter>소스 파일</Filter>
    </ClCompile>
    <ClCompile Include="stdafx.cpp">
      <Filter>소스 파일</Filter>
    </ClCompile>
    <ClCompile Include="GetBookInfo.cpp">
      <Filter>소스 파일</Filter>
    </ClCompile>
    <ClCompile Include="Utility.cpp">
      <Filter>소스 파일</Filter>
    </ClCompile>
    <ClCompile Include="CGetBookInfoUsingUrl.cpp">
      <Filter>소스 파일</Filter>
    </ClCompile>
    <ClCompile Include="CDataBase.cpp">
      <Filter>소스 파일</Filter>
    </ClCompile>
    <ClCompile Include="CImageLoadUrl.cpp">
      <Filter>소스 파일</Filter>
    </ClCompile>
    <ClCompile Include="CDataBaseBookInfo.cpp">
      <Filter>소스 파일</Filter>
    </ClCompile>
    <ClCompile Include="CCheckString.cpp">
      <Filter>소스 파일</Filter>
    </ClCompile>
    <ClCompile Include="CDataBaseImageSave.cpp">
      <Filter>소스 파일</Filter>
    </ClCompile>
    <ClCompile Include="CMyTime.cpp">
      <Filter>소스 파일</Filter>
    </ClCompile>
    <ClCompile Include="CTabCtrlEx.cpp">
      <Filter>소스 파일</Filter>
    </ClCompile>
    <ClCompile Include="CDlgBookManage.cpp">
      <Filter>소스 파일</Filter>
    </ClCompile>
    <ClCompile Include="CDlgSaleManage.cpp">
      <Filter>소스 파일</Filter>
    </ClCompile>
    <ClCompile Include="CDlgCustomManage.cpp">
      <Filter>소스 파일</Filter>
    </ClCompile>
    <ClCompile Include="CDlgStoreInfo.cpp">
      <Filter>소스 파일</Filter>
    </ClCompile>
    <ClCompile Include="CDrawToHDC.cpp">
      <Filter>소스 파일</Filter>
    </ClCompile>
    <ClCompile Include="CDlgBookSale.cpp">
      <Filter>소스 파일</Filter>
    </ClCompile>
    <ClCompile Include="CDlgBookIn.cpp">
      <Filter>소스 파일</Filter>
    </ClCompile>
    <ClCompile Include="CLoadBitmap.cpp">
      <Filter>LoadBitmap</Filter>
    </ClCompile>
    <ClCompile Include="CBookInCandidate.cpp">
      <Filter>소스 파일</Filter>
    </ClCompile>
    <ClCompile Include="CDataBaseProvider.cpp">
      <Filter>소스 파일</Filter>
    </ClCompile>
    <ClCompile Include="CProviderInfoList.cpp">
      <Filter>소스 파일</Filter>
    </ClCompile>
    <ClCompile Include="CDataBaseProviderDetail.cpp">
      <Filter>소스 파일</Filter>
    </ClCompile>
    <ClCompile Include="CBookInList.cpp">
      <Filter>소스 파일</Filter>
    </ClCompile>
    <ClCompile Include="CDataBaseBookInHistory.cpp">
      <Filter>소스 파일</Filter>
    </ClCompile>
    <ClCompile Include="CMyBooksList.cpp">
      <Filter>소스 파일</Filter>
    </ClCompile>
    <ClCompile Include="CGetGoodsCount.cpp">
      <Filter>소스 파일</Filter>
    </ClCompile>
    <ClCompile Include="CSaleBooksList.cpp">
      <Filter>소스 파일</Filter>
    </ClCompile>
    <ClCompile Include="CMatToBitmap.cpp">
      <Filter>소스 파일</Filter>
    </ClCompile>
    <ClCompile Include="CDataBaseBookSaleHistory.cpp">
      <Filter>소스 파일</Filter>
    </ClCompile>
    <ClCompile Include="CBookSaleList.cpp">
      <Filter>소스 파일</Filter>
    </ClCompile>
    <ClCompile Include="CDataBaseBookInHistoryDetail.cpp">
      <Filter>소스 파일</Filter>
    </ClCompile>
    <ClCompile Include="CDataBaseCart.cpp">
      <Filter>소스 파일</Filter>
    </ClCompile>
    <ClCompile Include="CCart.cpp">
      <Filter>소스 파일</Filter>
    </ClCompile>
    <ClCompile Include="CDlgMemo.cpp">
      <Filter>소스 파일</Filter>
    </ClCompile>
    <ClCompile Include="CBookSaleDetailList.cpp">
      <Filter>소스 파일</Filter>
    </ClCompile>
    <ClCompile Include="CDlgRefundList.cpp">
      <Filter>소스 파일</Filter>
    </ClCompile>
    <ClCompile Include="CDlgBookReturn.cpp">
      <Filter>소스 파일</Filter>
    </ClCompile>
    <ClCompile Include="CReturn.cpp">
      <Filter>소스 파일</Filter>
    </ClCompile>
    <ClCompile Include="CDataBaseReturn.cpp">
      <Filter>소스 파일</Filter>
    </ClCompile>
    <ClCompile Include="CDlgReturnPrint.cpp">
      <Filter>소스 파일</Filter>
    </ClCompile>
    <ClCompile Include="CWebBrowser2.cpp">
      <Filter>소스 파일</Filter>
    </ClCompile>
  </ItemGroup>
  <ItemGroup>
    <ResourceCompile Include="BookInven.rc">
      <Filter>리소스 파일</Filter>
    </ResourceCompile>
  </ItemGroup>
  <ItemGroup>
    <None Include="res\BookInven.rc2">
      <Filter>리소스 파일</Filter>
    </None>
  </ItemGroup>
  <ItemGroup>
    <Image Include="res\BookInven.ico">
      <Filter>리소스 파일</Filter>
    </Image>
    <Image Include="..\image\book.bmp">
      <Filter>리소스 파일</Filter>
    </Image>
    <Image Include="..\image\book2.bmp">
      <Filter>리소스 파일</Filter>
    </Image>
  </ItemGroup>
</Project>