Microsoft Visual Studio Solution File, Format Version 12.00
# Visual Studio 15
Project("{8BC9CEB8-8B4A-11D0-8D11-00A0C91BC942}") = "ALL_BUILD", "ALL_BUILD.vcxproj", "{FEC24C20-BCC2-33C7-8B5F-2F28AE10FBE3}"
	ProjectSection(ProjectDependencies) = postProject
		{1C0BBC0D-779F-3AE3-8115-09DE2F1A1E56} = {1C0BBC0D-779F-3AE3-8115-09DE2F1A1E56}
		{2F96D7BF-1A49-389A-A0E2-895D771487F2} = {2F96D7BF-1A49-389A-A0E2-895D771487F2}
		{3045A7D4-BDC7-3C17-A2F4-3DF3132469CF} = {3045A7D4-BDC7-3C17-A2F4-3DF3132469CF}
	EndProjectSection
EndProject
Project("{8BC9CEB8-8B4A-11D0-8D11-00A0C91BC942}") = "INSTALL", "INSTALL.vcxproj", "{DA06819B-201D-3F9E-ABCC-6F017661C627}"
	ProjectSection(ProjectDependencies) = postProject
		{FEC24C20-BCC2-33C7-8B5F-2F28AE10FBE3} = {FEC24C20-BCC2-33C7-8B5F-2F28AE10FBE3}
		{1C0BBC0D-779F-3AE3-8115-09DE2F1A1E56} = {1C0BBC0D-779F-3AE3-8115-09DE2F1A1E56}
	EndProjectSection
EndProject
Project("{8BC9CEB8-8B4A-11D0-8D11-00A0C91BC942}") = "ZERO_CHECK", "ZERO_CHECK.vcxproj", "{1C0BBC0D-779F-3AE3-8115-09DE2F1A1E56}"
	ProjectSection(ProjectDependencies) = postProject
	EndProjectSection
EndProject
Project("{8BC9CEB8-8B4A-11D0-8D11-00A0C91BC942}") = "curl", "src\curl.vcxproj", "{2F96D7BF-1A49-389A-A0E2-895D771487F2}"
	ProjectSection(ProjectDependencies) = postProject
		{1C0BBC0D-779F-3AE3-8115-09DE2F1A1E56} = {1C0BBC0D-779F-3AE3-8115-09DE2F1A1E56}
		{3045A7D4-BDC7-3C17-A2F4-3DF3132469CF} = {3045A7D4-BDC7-3C17-A2F4-3DF3132469CF}
	EndProjectSection
EndProject
Project("{8BC9CEB8-8B4A-11D0-8D11-00A0C91BC942}") = "libcurl", "lib\libcurl.vcxproj", "{3045A7D4-BDC7-3C17-A2F4-3DF3132469CF}"
	ProjectSection(ProjectDependencies) = postProject
		{1C0BBC0D-779F-3AE3-8115-09DE2F1A1E56} = {1C0BBC0D-779F-3AE3-8115-09DE2F1A1E56}
	EndProjectSection
EndProject
Project("{8BC9CEB8-8B4A-11D0-8D11-00A0C91BC942}") = "uninstall", "uninstall.vcxproj", "{D798126C-761B-33F9-BB71-9DC39672E0EB}"
	ProjectSection(ProjectDependencies) = postProject
		{1C0BBC0D-779F-3AE3-8115-09DE2F1A1E56} = {1C0BBC0D-779F-3AE3-8115-09DE2F1A1E56}
	EndProjectSection
EndProject
Global
	GlobalSection(SolutionConfigurationPlatforms) = preSolution
		Debug|Win32 = Debug|Win32
		Release|Win32 = Release|Win32
		MinSizeRel|Win32 = MinSizeRel|Win32
		RelWithDebInfo|Win32 = RelWithDebInfo|Win32
	EndGlobalSection
	GlobalSection(ProjectConfigurationPlatforms) = postSolution
		{FEC24C20-BCC2-33C7-8B5F-2F28AE10FBE3}.Debug|Win32.ActiveCfg = Debug|Win32
		{FEC24C20-BCC2-33C7-8B5F-2F28AE10FBE3}.Debug|Win32.Build.0 = Debug|Win32
		{FEC24C20-BCC2-33C7-8B5F-2F28AE10FBE3}.Release|Win32.ActiveCfg = Release|Win32
		{FEC24C20-BCC2-33C7-8B5F-2F28AE10FBE3}.Release|Win32.Build.0 = Release|Win32
		{FEC24C20-BCC2-33C7-8B5F-2F28AE10FBE3}.MinSizeRel|Win32.ActiveCfg = MinSizeRel|Win32
		{FEC24C20-BCC2-33C7-8B5F-2F28AE10FBE3}.MinSizeRel|Win32.Build.0 = MinSizeRel|Win32
		{FEC24C20-BCC2-33C7-8B5F-2F28AE10FBE3}.RelWithDebInfo|Win32.ActiveCfg = RelWithDebInfo|Win32
		{FEC24C20-BCC2-33C7-8B5F-2F28AE10FBE3}.RelWithDebInfo|Win32.Build.0 = RelWithDebInfo|Win32
		{DA06819B-201D-3F9E-ABCC-6F017661C627}.Debug|Win32.ActiveCfg = Debug|Win32
		{DA06819B-201D-3F9E-ABCC-6F017661C627}.Release|Win32.ActiveCfg = Release|Win32
		{DA06819B-201D-3F9E-ABCC-6F017661C627}.MinSizeRel|Win32.ActiveCfg = MinSizeRel|Win32
		{DA06819B-201D-3F9E-ABCC-6F017661C627}.RelWithDebInfo|Win32.ActiveCfg = RelWithDebInfo|Win32
		{1C0BBC0D-779F-3AE3-8115-09DE2F1A1E56}.Debug|Win32.ActiveCfg = Debug|Win32
		{1C0BBC0D-779F-3AE3-8115-09DE2F1A1E56}.Debug|Win32.Build.0 = Debug|Win32
		{1C0BBC0D-779F-3AE3-8115-09DE2F1A1E56}.Release|Win32.ActiveCfg = Release|Win32
		{1C0BBC0D-779F-3AE3-8115-09DE2F1A1E56}.Release|Win32.Build.0 = Release|Win32
		{1C0BBC0D-779F-3AE3-8115-09DE2F1A1E56}.MinSizeRel|Win32.ActiveCfg = MinSizeRel|Win32
		{1C0BBC0D-779F-3AE3-8115-09DE2F1A1E56}.MinSizeRel|Win32.Build.0 = MinSizeRel|Win32
		{1C0BBC0D-779F-3AE3-8115-09DE2F1A1E56}.RelWithDebInfo|Win32.ActiveCfg = RelWithDebInfo|Win32
		{1C0BBC0D-779F-3AE3-8115-09DE2F1A1E56}.RelWithDebInfo|Win32.Build.0 = RelWithDebInfo|Win32
		{2F96D7BF-1A49-389A-A0E2-895D771487F2}.Debug|Win32.ActiveCfg = Debug|Win32
		{2F96D7BF-1A49-389A-A0E2-895D771487F2}.Debug|Win32.Build.0 = Debug|Win32
		{2F96D7BF-1A49-389A-A0E2-895D771487F2}.Release|Win32.ActiveCfg = Release|Win32
		{2F96D7BF-1A49-389A-A0E2-895D771487F2}.Release|Win32.Build.0 = Release|Win32
		{2F96D7BF-1A49-389A-A0E2-895D771487F2}.MinSizeRel|Win32.ActiveCfg = MinSizeRel|Win32
		{2F96D7BF-1A49-389A-A0E2-895D771487F2}.MinSizeRel|Win32.Build.0 = MinSizeRel|Win32
		{2F96D7BF-1A49-389A-A0E2-895D771487F2}.RelWithDebInfo|Win32.ActiveCfg = RelWithDebInfo|Win32
		{2F96D7BF-1A49-389A-A0E2-895D771487F2}.RelWithDebInfo|Win32.Build.0 = RelWithDebInfo|Win32
		{3045A7D4-BDC7-3C17-A2F4-3DF3132469CF}.Debug|Win32.ActiveCfg = Debug|Win32
		{3045A7D4-BDC7-3C17-A2F4-3DF3132469CF}.Debug|Win32.Build.0 = Debug|Win32
		{3045A7D4-BDC7-3C17-A2F4-3DF3132469CF}.Release|Win32.ActiveCfg = Release|Win32
		{3045A7D4-BDC7-3C17-A2F4-3DF3132469CF}.Release|Win32.Build.0 = Release|Win32
		{3045A7D4-BDC7-3C17-A2F4-3DF3132469CF}.MinSizeRel|Win32.ActiveCfg = MinSizeRel|Win32
		{3045A7D4-BDC7-3C17-A2F4-3DF3132469CF}.MinSizeRel|Win32.Build.0 = MinSizeRel|Win32
		{3045A7D4-BDC7-3C17-A2F4-3DF3132469CF}.RelWithDebInfo|Win32.ActiveCfg = RelWithDebInfo|Win32
		{3045A7D4-BDC7-3C17-A2F4-3DF3132469CF}.RelWithDebInfo|Win32.Build.0 = RelWithDebInfo|Win32
		{D798126C-761B-33F9-BB71-9DC39672E0EB}.Debug|Win32.ActiveCfg = Debug|Win32
		{D798126C-761B-33F9-BB71-9DC39672E0EB}.Release|Win32.ActiveCfg = Release|Win32
		{D798126C-761B-33F9-BB71-9DC39672E0EB}.MinSizeRel|Win32.ActiveCfg = MinSizeRel|Win32
		{D798126C-761B-33F9-BB71-9DC39672E0EB}.RelWithDebInfo|Win32.ActiveCfg = RelWithDebInfo|Win32
	EndGlobalSection
	GlobalSection(ExtensibilityGlobals) = postSolution
		SolutionGuid = {CAB95BF8-06E9-31EA-AC19-031893649E5E}
	EndGlobalSection
	GlobalSection(ExtensibilityAddIns) = postSolution
	EndGlobalSection
EndGlobal
